// !$*UTF8*$!
{
	archiveVersion = 1;
	classes = {
	};
	objectVersion = 46;
	objects = {

/* Begin PBXBuildFile section */
		7716E1111FECD0850098B16E /* ModelName.swift in Sources */ = {isa = PBXBuildFile; fileRef = 7716E1101FECD0850098B16E /* ModelName.swift */; };
		774088CD2063B9B6006D74D2 /* GifDemoSB.storyboard in Resources */ = {isa = PBXBuildFile; fileRef = 774088CB2063B9B6006D74D2 /* GifDemoSB.storyboard */; };
		774088D42063BA00006D74D2 /* GifDemoVC.swift in Sources */ = {isa = PBXBuildFile; fileRef = 774088D32063BA00006D74D2 /* GifDemoVC.swift */; };
		774088D72063BBF4006D74D2 /* DemoInfo.swift in Sources */ = {isa = PBXBuildFile; fileRef = 774088D62063BBF4006D74D2 /* DemoInfo.swift */; };
		7783F8E51FF4AA41003CFB9E /* iOS_ExampleTests.swift in Sources */ = {isa = PBXBuildFile; fileRef = 7783F8E41FF4AA41003CFB9E /* iOS_ExampleTests.swift */; };
		7783F8F01FF4AA5D003CFB9E /* WTKit.framework in Frameworks */ = {isa = PBXBuildFile; fileRef = E1A7D2B21E0B82D900CF9A69 /* WTKit.framework */; };
		E15CD2871E9631BD0042CBE1 /* ChartDemo.swift in Sources */ = {isa = PBXBuildFile; fileRef = E15CD2861E9631BD0042CBE1 /* ChartDemo.swift */; };
		E15D28F71DFAB4620042E678 /* AppDelegate.swift in Sources */ = {isa = PBXBuildFile; fileRef = E15D28E31DFAB4620042E678 /* AppDelegate.swift */; };
		E15D28F81DFAB4620042E678 /* Assets.xcassets in Resources */ = {isa = PBXBuildFile; fileRef = E15D28E41DFAB4620042E678 /* Assets.xcassets */; };
		E15D28F91DFAB4620042E678 /* LaunchScreen.storyboard in Resources */ = {isa = PBXBuildFile; fileRef = E15D28E61DFAB4620042E678 /* LaunchScreen.storyboard */; };
		E15D28FA1DFAB4620042E678 /* Main.storyboard in Resources */ = {isa = PBXBuildFile; fileRef = E15D28E81DFAB4620042E678 /* Main.storyboard */; };
		E15D28FB1DFAB4620042E678 /* ColorViewController.swift in Sources */ = {isa = PBXBuildFile; fileRef = E15D28EA1DFAB4620042E678 /* ColorViewController.swift */; };
		E15D28FC1DFAB4620042E678 /* GetRequestViewController.swift in Sources */ = {isa = PBXBuildFile; fileRef = E15D28EB1DFAB4620042E678 /* GetRequestViewController.swift */; };
		E15D28FE1DFAB4620042E678 /* HudDemoViewController.swift in Sources */ = {isa = PBXBuildFile; fileRef = E15D28ED1DFAB4620042E678 /* HudDemoViewController.swift */; };
		E15D28FF1DFAB4620042E678 /* ImageDownloadVC.swift in Sources */ = {isa = PBXBuildFile; fileRef = E15D28EE1DFAB4620042E678 /* ImageDownloadVC.swift */; };
		E15D29001DFAB4620042E678 /* ImageUploadVC.swift in Sources */ = {isa = PBXBuildFile; fileRef = E15D28EF1DFAB4620042E678 /* ImageUploadVC.swift */; };
		E15D29011DFAB4620042E678 /* ModelDemoViewController.swift in Sources */ = {isa = PBXBuildFile; fileRef = E15D28F01DFAB4620042E678 /* ModelDemoViewController.swift */; };
		E15D29021DFAB4620042E678 /* POSTParamatersVC.swift in Sources */ = {isa = PBXBuildFile; fileRef = E15D28F11DFAB4620042E678 /* POSTParamatersVC.swift */; };
		E15D29031DFAB4620042E678 /* QRCodeScanVC.swift in Sources */ = {isa = PBXBuildFile; fileRef = E15D28F21DFAB4620042E678 /* QRCodeScanVC.swift */; };
		E15D29041DFAB4620042E678 /* ReachabilityVC.swift in Sources */ = {isa = PBXBuildFile; fileRef = E15D28F31DFAB4620042E678 /* ReachabilityVC.swift */; };
		E15D29051DFAB4620042E678 /* Swift使用规范 in Resources */ = {isa = PBXBuildFile; fileRef = E15D28F41DFAB4620042E678 /* Swift使用规范 */; };
		E15D29061DFAB4620042E678 /* TableRefreshVC.swift in Sources */ = {isa = PBXBuildFile; fileRef = E15D28F51DFAB4620042E678 /* TableRefreshVC.swift */; };
		E15D29071DFAB4620042E678 /* ViewController.swift in Sources */ = {isa = PBXBuildFile; fileRef = E15D28F61DFAB4620042E678 /* ViewController.swift */; };
		E18061FC1E8E1AF30042247E /* ImageListVC.swift in Sources */ = {isa = PBXBuildFile; fileRef = E18061FB1E8E1AF30042247E /* ImageListVC.swift */; };
		E18062091E8F3DB50042247E /* DetailViewController.swift in Sources */ = {isa = PBXBuildFile; fileRef = E18062081E8F3DB50042247E /* DetailViewController.swift */; };
		E18B9F9F1E77D25B0013EFA8 /* JSONData in Resources */ = {isa = PBXBuildFile; fileRef = E18B9F9E1E77D25B0013EFA8 /* JSONData */; };
		E18B9FA91E77D4EC0013EFA8 /* WeatherModel.swift in Sources */ = {isa = PBXBuildFile; fileRef = E18B9FA81E77D4EC0013EFA8 /* WeatherModel.swift */; };
		E19F49B31EA759BB00842DE0 /* RequestDemoVC.swift in Sources */ = {isa = PBXBuildFile; fileRef = E16AE9CD1EA5E691009080DE /* RequestDemoVC.swift */; };
		E1A7D2C61E0BA17D00CF9A69 /* WTKit.framework in Frameworks */ = {isa = PBXBuildFile; fileRef = E1A7D2B21E0B82D900CF9A69 /* WTKit.framework */; };
		E1A7D2C71E0BA17D00CF9A69 /* WTKit.framework in Embed Frameworks */ = {isa = PBXBuildFile; fileRef = E1A7D2B21E0B82D900CF9A69 /* WTKit.framework */; settings = {ATTRIBUTES = (CodeSignOnCopy, RemoveHeadersOnCopy, ); }; };
		E1F03B431F4EA54A007E06F8 /* AppDelegate.swift in Sources */ = {isa = PBXBuildFile; fileRef = E1F03B421F4EA54A007E06F8 /* AppDelegate.swift */; };
		E1F03B451F4EA54A007E06F8 /* ViewController.swift in Sources */ = {isa = PBXBuildFile; fileRef = E1F03B441F4EA54A007E06F8 /* ViewController.swift */; };
		E1F03B471F4EA54A007E06F8 /* Assets.xcassets in Resources */ = {isa = PBXBuildFile; fileRef = E1F03B461F4EA54A007E06F8 /* Assets.xcassets */; };
		E1F03B4A1F4EA54A007E06F8 /* Main.storyboard in Resources */ = {isa = PBXBuildFile; fileRef = E1F03B481F4EA54A007E06F8 /* Main.storyboard */; };
		E1F03B4F1F4EEF2D007E06F8 /* JSONData in Resources */ = {isa = PBXBuildFile; fileRef = E18B9F9E1E77D25B0013EFA8 /* JSONData */; };
		E1F03B581F4EF1DE007E06F8 /* WTKitMacOS.framework in Frameworks */ = {isa = PBXBuildFile; fileRef = E1A7D2B61E0B82D900CF9A69 /* WTKitMacOS.framework */; };
		E1F03B591F4EF1DE007E06F8 /* WTKitMacOS.framework in Embed Frameworks */ = {isa = PBXBuildFile; fileRef = E1A7D2B61E0B82D900CF9A69 /* WTKitMacOS.framework */; settings = {ATTRIBUTES = (CodeSignOnCopy, RemoveHeadersOnCopy, ); }; };
/* End PBXBuildFile section */

/* Begin PBXContainerItemProxy section */
		7783F8E71FF4AA41003CFB9E /* PBXContainerItemProxy */ = {
			isa = PBXContainerItemProxy;
			containerPortal = E15D28C61DFAB41E0042E678 /* Project object */;
			proxyType = 1;
			remoteGlobalIDString = E15D28CD1DFAB41F0042E678;
			remoteInfo = "iOS Example";
		};
		E16AE9D31EA5E692009080DE /* PBXContainerItemProxy */ = {
			isa = PBXContainerItemProxy;
			containerPortal = E1A7D2AB1E0B82D900CF9A69 /* WTKit.xcodeproj */;
			proxyType = 2;
			remoteGlobalIDString = E1EDED021E9F4F6100DDC372;
			remoteInfo = WTKitWatchOS;
		};
		E16AE9D51EA5E692009080DE /* PBXContainerItemProxy */ = {
			isa = PBXContainerItemProxy;
			containerPortal = E1A7D2AB1E0B82D900CF9A69 /* WTKit.xcodeproj */;
			proxyType = 2;
			remoteGlobalIDString = E1EDED561E9F506F00DDC372;
			remoteInfo = WTKitTVOS;
		};
		E1A7D2B11E0B82D900CF9A69 /* PBXContainerItemProxy */ = {
			isa = PBXContainerItemProxy;
			containerPortal = E1A7D2AB1E0B82D900CF9A69 /* WTKit.xcodeproj */;
			proxyType = 2;
			remoteGlobalIDString = E17BDA1B1DDDC11A00CF5672;
			remoteInfo = WTKit;
		};
		E1A7D2B31E0B82D900CF9A69 /* PBXContainerItemProxy */ = {
			isa = PBXContainerItemProxy;
			containerPortal = E1A7D2AB1E0B82D900CF9A69 /* WTKit.xcodeproj */;
			proxyType = 2;
			remoteGlobalIDString = E1D21AF61DE04D6D0011F302;
			remoteInfo = WTKitTests;
		};
		E1A7D2B51E0B82D900CF9A69 /* PBXContainerItemProxy */ = {
			isa = PBXContainerItemProxy;
			containerPortal = E1A7D2AB1E0B82D900CF9A69 /* WTKit.xcodeproj */;
			proxyType = 2;
			remoteGlobalIDString = E1C0C9A81E07AB79000B8F50;
			remoteInfo = WTKitMacOS;
		};
		E1A7D2C81E0BA17D00CF9A69 /* PBXContainerItemProxy */ = {
			isa = PBXContainerItemProxy;
			containerPortal = E1A7D2AB1E0B82D900CF9A69 /* WTKit.xcodeproj */;
			proxyType = 1;
			remoteGlobalIDString = E17BDA1A1DDDC11A00CF5672;
			remoteInfo = WTKit;
		};
		E1F03B5A1F4EF1DE007E06F8 /* PBXContainerItemProxy */ = {
			isa = PBXContainerItemProxy;
			containerPortal = E1A7D2AB1E0B82D900CF9A69 /* WTKit.xcodeproj */;
			proxyType = 1;
			remoteGlobalIDString = E1EDED1D1E9F4FCA00DDC372;
			remoteInfo = WTKitMacOS;
		};
/* End PBXContainerItemProxy section */

/* Begin PBXCopyFilesBuildPhase section */
		E1A7D2CA1E0BA17D00CF9A69 /* Embed Frameworks */ = {
			isa = PBXCopyFilesBuildPhase;
			buildActionMask = 2147483647;
			dstPath = "";
			dstSubfolderSpec = 10;
			files = (
				E1A7D2C71E0BA17D00CF9A69 /* WTKit.framework in Embed Frameworks */,
			);
			name = "Embed Frameworks";
			runOnlyForDeploymentPostprocessing = 0;
		};
		E1F03B5C1F4EF1DE007E06F8 /* Embed Frameworks */ = {
			isa = PBXCopyFilesBuildPhase;
			buildActionMask = 2147483647;
			dstPath = "";
			dstSubfolderSpec = 10;
			files = (
				E1F03B591F4EF1DE007E06F8 /* WTKitMacOS.framework in Embed Frameworks */,
			);
			name = "Embed Frameworks";
			runOnlyForDeploymentPostprocessing = 0;
		};
/* End PBXCopyFilesBuildPhase section */

/* Begin PBXFileReference section */
		7716E1101FECD0850098B16E /* ModelName.swift */ = {isa = PBXFileReference; fileEncoding = 4; lastKnownFileType = sourcecode.swift; path = ModelName.swift; sourceTree = "<group>"; };
		774088CC2063B9B6006D74D2 /* Base */ = {isa = PBXFileReference; lastKnownFileType = file.storyboard; name = Base; path = GifDemoSB.storyboard; sourceTree = "<group>"; };
		774088D32063BA00006D74D2 /* GifDemoVC.swift */ = {isa = PBXFileReference; lastKnownFileType = sourcecode.swift; path = GifDemoVC.swift; sourceTree = "<group>"; };
		774088D62063BBF4006D74D2 /* DemoInfo.swift */ = {isa = PBXFileReference; lastKnownFileType = sourcecode.swift; path = DemoInfo.swift; sourceTree = "<group>"; };
		7783F8E21FF4AA41003CFB9E /* iOS ExampleTests.xctest */ = {isa = PBXFileReference; explicitFileType = wrapper.cfbundle; includeInIndex = 0; path = "iOS ExampleTests.xctest"; sourceTree = BUILT_PRODUCTS_DIR; };
		7783F8E41FF4AA41003CFB9E /* iOS_ExampleTests.swift */ = {isa = PBXFileReference; lastKnownFileType = sourcecode.swift; path = iOS_ExampleTests.swift; sourceTree = "<group>"; };
		7783F8E61FF4AA41003CFB9E /* Info.plist */ = {isa = PBXFileReference; lastKnownFileType = text.plist.xml; path = Info.plist; sourceTree = "<group>"; };
		E15CD2861E9631BD0042CBE1 /* ChartDemo.swift */ = {isa = PBXFileReference; fileEncoding = 4; lastKnownFileType = sourcecode.swift; path = ChartDemo.swift; sourceTree = "<group>"; };
		E15D28CE1DFAB41F0042E678 /* iOS Example.app */ = {isa = PBXFileReference; explicitFileType = wrapper.application; includeInIndex = 0; path = "iOS Example.app"; sourceTree = BUILT_PRODUCTS_DIR; };
		E15D28DD1DFAB41F0042E678 /* Info.plist */ = {isa = PBXFileReference; lastKnownFileType = text.plist.xml; path = Info.plist; sourceTree = "<group>"; };
		E15D28E31DFAB4620042E678 /* AppDelegate.swift */ = {isa = PBXFileReference; fileEncoding = 4; lastKnownFileType = sourcecode.swift; path = AppDelegate.swift; sourceTree = "<group>"; };
		E15D28E41DFAB4620042E678 /* Assets.xcassets */ = {isa = PBXFileReference; lastKnownFileType = folder.assetcatalog; path = Assets.xcassets; sourceTree = "<group>"; };
		E15D28E71DFAB4620042E678 /* Base */ = {isa = PBXFileReference; lastKnownFileType = file.storyboard; name = Base; path = LaunchScreen.storyboard; sourceTree = "<group>"; };
		E15D28E91DFAB4620042E678 /* Base */ = {isa = PBXFileReference; lastKnownFileType = file.storyboard; name = Base; path = Main.storyboard; sourceTree = "<group>"; };
		E15D28EA1DFAB4620042E678 /* ColorViewController.swift */ = {isa = PBXFileReference; fileEncoding = 4; lastKnownFileType = sourcecode.swift; path = ColorViewController.swift; sourceTree = "<group>"; };
		E15D28EB1DFAB4620042E678 /* GetRequestViewController.swift */ = {isa = PBXFileReference; fileEncoding = 4; lastKnownFileType = sourcecode.swift; path = GetRequestViewController.swift; sourceTree = "<group>"; };
		E15D28ED1DFAB4620042E678 /* HudDemoViewController.swift */ = {isa = PBXFileReference; fileEncoding = 4; lastKnownFileType = sourcecode.swift; path = HudDemoViewController.swift; sourceTree = "<group>"; };
		E15D28EE1DFAB4620042E678 /* ImageDownloadVC.swift */ = {isa = PBXFileReference; fileEncoding = 4; lastKnownFileType = sourcecode.swift; path = ImageDownloadVC.swift; sourceTree = "<group>"; };
		E15D28EF1DFAB4620042E678 /* ImageUploadVC.swift */ = {isa = PBXFileReference; fileEncoding = 4; lastKnownFileType = sourcecode.swift; path = ImageUploadVC.swift; sourceTree = "<group>"; };
		E15D28F01DFAB4620042E678 /* ModelDemoViewController.swift */ = {isa = PBXFileReference; fileEncoding = 4; lastKnownFileType = sourcecode.swift; path = ModelDemoViewController.swift; sourceTree = "<group>"; };
		E15D28F11DFAB4620042E678 /* POSTParamatersVC.swift */ = {isa = PBXFileReference; fileEncoding = 4; lastKnownFileType = sourcecode.swift; path = POSTParamatersVC.swift; sourceTree = "<group>"; };
		E15D28F21DFAB4620042E678 /* QRCodeScanVC.swift */ = {isa = PBXFileReference; fileEncoding = 4; lastKnownFileType = sourcecode.swift; path = QRCodeScanVC.swift; sourceTree = "<group>"; };
		E15D28F31DFAB4620042E678 /* ReachabilityVC.swift */ = {isa = PBXFileReference; fileEncoding = 4; lastKnownFileType = sourcecode.swift; path = ReachabilityVC.swift; sourceTree = "<group>"; };
		E15D28F41DFAB4620042E678 /* Swift使用规范 */ = {isa = PBXFileReference; fileEncoding = 4; lastKnownFileType = text; path = "Swift使用规范"; sourceTree = "<group>"; };
		E15D28F51DFAB4620042E678 /* TableRefreshVC.swift */ = {isa = PBXFileReference; fileEncoding = 4; lastKnownFileType = sourcecode.swift; path = TableRefreshVC.swift; sourceTree = "<group>"; };
		E15D28F61DFAB4620042E678 /* ViewController.swift */ = {isa = PBXFileReference; fileEncoding = 4; lastKnownFileType = sourcecode.swift; path = ViewController.swift; sourceTree = "<group>"; };
		E16AE9CD1EA5E691009080DE /* RequestDemoVC.swift */ = {isa = PBXFileReference; fileEncoding = 4; lastKnownFileType = sourcecode.swift; path = RequestDemoVC.swift; sourceTree = "<group>"; };
		E18061FB1E8E1AF30042247E /* ImageListVC.swift */ = {isa = PBXFileReference; fileEncoding = 4; lastKnownFileType = sourcecode.swift; path = ImageListVC.swift; sourceTree = "<group>"; };
		E18062081E8F3DB50042247E /* DetailViewController.swift */ = {isa = PBXFileReference; fileEncoding = 4; lastKnownFileType = sourcecode.swift; path = DetailViewController.swift; sourceTree = "<group>"; };
		E18B9F9E1E77D25B0013EFA8 /* JSONData */ = {isa = PBXFileReference; fileEncoding = 4; lastKnownFileType = text; path = JSONData; sourceTree = "<group>"; };
		E18B9FA81E77D4EC0013EFA8 /* WeatherModel.swift */ = {isa = PBXFileReference; fileEncoding = 4; lastKnownFileType = sourcecode.swift; path = WeatherModel.swift; sourceTree = "<group>"; };
		E1A7D2AB1E0B82D900CF9A69 /* WTKit.xcodeproj */ = {isa = PBXFileReference; lastKnownFileType = "wrapper.pb-project"; name = WTKit.xcodeproj; path = ../WTKit.xcodeproj; sourceTree = "<group>"; };
		E1F03B401F4EA54A007E06F8 /* ModelMaker.app */ = {isa = PBXFileReference; explicitFileType = wrapper.application; includeInIndex = 0; path = ModelMaker.app; sourceTree = BUILT_PRODUCTS_DIR; };
		E1F03B421F4EA54A007E06F8 /* AppDelegate.swift */ = {isa = PBXFileReference; lastKnownFileType = sourcecode.swift; path = AppDelegate.swift; sourceTree = "<group>"; };
		E1F03B441F4EA54A007E06F8 /* ViewController.swift */ = {isa = PBXFileReference; lastKnownFileType = sourcecode.swift; path = ViewController.swift; sourceTree = "<group>"; };
		E1F03B461F4EA54A007E06F8 /* Assets.xcassets */ = {isa = PBXFileReference; lastKnownFileType = folder.assetcatalog; path = Assets.xcassets; sourceTree = "<group>"; };
		E1F03B491F4EA54A007E06F8 /* Base */ = {isa = PBXFileReference; lastKnownFileType = file.storyboard; name = Base; path = Base.lproj/Main.storyboard; sourceTree = "<group>"; };
		E1F03B4B1F4EA54A007E06F8 /* Info.plist */ = {isa = PBXFileReference; lastKnownFileType = text.plist.xml; path = Info.plist; sourceTree = "<group>"; };
/* End PBXFileReference section */

/* Begin PBXFrameworksBuildPhase section */
		7783F8DF1FF4AA41003CFB9E /* Frameworks */ = {
			isa = PBXFrameworksBuildPhase;
			buildActionMask = 2147483647;
			files = (
				7783F8F01FF4AA5D003CFB9E /* WTKit.framework in Frameworks */,
			);
			runOnlyForDeploymentPostprocessing = 0;
		};
		E15D28CB1DFAB41F0042E678 /* Frameworks */ = {
			isa = PBXFrameworksBuildPhase;
			buildActionMask = 2147483647;
			files = (
				E1A7D2C61E0BA17D00CF9A69 /* WTKit.framework in Frameworks */,
			);
			runOnlyForDeploymentPostprocessing = 0;
		};
		E1F03B3D1F4EA54A007E06F8 /* Frameworks */ = {
			isa = PBXFrameworksBuildPhase;
			buildActionMask = 2147483647;
			files = (
				E1F03B581F4EF1DE007E06F8 /* WTKitMacOS.framework in Frameworks */,
			);
			runOnlyForDeploymentPostprocessing = 0;
		};
/* End PBXFrameworksBuildPhase section */

/* Begin PBXGroup section */
		774088D52063BBE2006D74D2 /* Models */ = {
			isa = PBXGroup;
			children = (
				774088D62063BBF4006D74D2 /* DemoInfo.swift */,
			);
			path = Models;
			sourceTree = "<group>";
		};
		7783F8E31FF4AA41003CFB9E /* iOS ExampleTests */ = {
			isa = PBXGroup;
			children = (
				7783F8E41FF4AA41003CFB9E /* iOS_ExampleTests.swift */,
				7783F8E61FF4AA41003CFB9E /* Info.plist */,
			);
			path = "iOS ExampleTests";
			sourceTree = "<group>";
		};
		7783F8EF1FF4AA5D003CFB9E /* Frameworks */ = {
			isa = PBXGroup;
			children = (
			);
			name = Frameworks;
			sourceTree = "<group>";
		};
		E15CD28A1E9631F40042CBE1 /* Model */ = {
			isa = PBXGroup;
			children = (
				E18B9FA81E77D4EC0013EFA8 /* WeatherModel.swift */,
				E18B9F9E1E77D25B0013EFA8 /* JSONData */,
			);
			name = Model;
			sourceTree = "<group>";
		};
		E15D28C51DFAB41E0042E678 = {
			isa = PBXGroup;
			children = (
				E15D28D01DFAB41F0042E678 /* iOS Example */,
				E1F03B411F4EA54A007E06F8 /* ModelMaker */,
				7783F8E31FF4AA41003CFB9E /* iOS ExampleTests */,
				E15D28CF1DFAB41F0042E678 /* Products */,
				E1A7D2AB1E0B82D900CF9A69 /* WTKit.xcodeproj */,
				7783F8EF1FF4AA5D003CFB9E /* Frameworks */,
			);
			sourceTree = "<group>";
		};
		E15D28CF1DFAB41F0042E678 /* Products */ = {
			isa = PBXGroup;
			children = (
				E15D28CE1DFAB41F0042E678 /* iOS Example.app */,
				E1F03B401F4EA54A007E06F8 /* ModelMaker.app */,
				7783F8E21FF4AA41003CFB9E /* iOS ExampleTests.xctest */,
			);
			name = Products;
			sourceTree = "<group>";
		};
		E15D28D01DFAB41F0042E678 /* iOS Example */ = {
			isa = PBXGroup;
			children = (
				E15CD28A1E9631F40042CBE1 /* Model */,
				E15D290C1DFABA8E0042E678 /* Classes */,
			);
			path = "iOS Example";
			sourceTree = "<group>";
		};
		E15D28E51DFAB4620042E678 /* Base.lproj */ = {
			isa = PBXGroup;
			children = (
				E15D28E81DFAB4620042E678 /* Main.storyboard */,
				E15D28E61DFAB4620042E678 /* LaunchScreen.storyboard */,
				774088CB2063B9B6006D74D2 /* GifDemoSB.storyboard */,
			);
			path = Base.lproj;
			sourceTree = "<group>";
		};
		E15D290C1DFABA8E0042E678 /* Classes */ = {
			isa = PBXGroup;
			children = (
				774088D52063BBE2006D74D2 /* Models */,
				E15D28E31DFAB4620042E678 /* AppDelegate.swift */,
				E15D28F61DFAB4620042E678 /* ViewController.swift */,
				E16AE9CD1EA5E691009080DE /* RequestDemoVC.swift */,
				E15D28EB1DFAB4620042E678 /* GetRequestViewController.swift */,
				E15D28EA1DFAB4620042E678 /* ColorViewController.swift */,
				E15D28ED1DFAB4620042E678 /* HudDemoViewController.swift */,
				E15D28EE1DFAB4620042E678 /* ImageDownloadVC.swift */,
				E15D28EF1DFAB4620042E678 /* ImageUploadVC.swift */,
				E15D28F01DFAB4620042E678 /* ModelDemoViewController.swift */,
				E15D28F11DFAB4620042E678 /* POSTParamatersVC.swift */,
				E15D28F21DFAB4620042E678 /* QRCodeScanVC.swift */,
				E18061FB1E8E1AF30042247E /* ImageListVC.swift */,
				E18062081E8F3DB50042247E /* DetailViewController.swift */,
				E15D28F31DFAB4620042E678 /* ReachabilityVC.swift */,
				E15D28F51DFAB4620042E678 /* TableRefreshVC.swift */,
				E15CD2861E9631BD0042CBE1 /* ChartDemo.swift */,
				774088D32063BA00006D74D2 /* GifDemoVC.swift */,
				E15D28F41DFAB4620042E678 /* Swift使用规范 */,
				E15D28E41DFAB4620042E678 /* Assets.xcassets */,
				E15D28E51DFAB4620042E678 /* Base.lproj */,
				E15D290D1DFABAA20042E678 /* Supporting Files */,
			);
			name = Classes;
			sourceTree = "<group>";
		};
		E15D290D1DFABAA20042E678 /* Supporting Files */ = {
			isa = PBXGroup;
			children = (
				E15D28DD1DFAB41F0042E678 /* Info.plist */,
			);
			name = "Supporting Files";
			sourceTree = "<group>";
		};
		E1A7D2AC1E0B82D900CF9A69 /* Products */ = {
			isa = PBXGroup;
			children = (
				E1A7D2B21E0B82D900CF9A69 /* WTKit.framework */,
				E1A7D2B41E0B82D900CF9A69 /* WTKitTests.xctest */,
				E16AE9D41EA5E692009080DE /* WTKitWatchOS.framework */,
				E1A7D2B61E0B82D900CF9A69 /* WTKitMacOS.framework */,
				E16AE9D61EA5E692009080DE /* WTKitTVOS.framework */,
			);
			name = Products;
			sourceTree = "<group>";
		};
		E1F03B411F4EA54A007E06F8 /* ModelMaker */ = {
			isa = PBXGroup;
			children = (
				E1F03B421F4EA54A007E06F8 /* AppDelegate.swift */,
				E1F03B441F4EA54A007E06F8 /* ViewController.swift */,
				7716E1101FECD0850098B16E /* ModelName.swift */,
				E1F03B461F4EA54A007E06F8 /* Assets.xcassets */,
				E1F03B481F4EA54A007E06F8 /* Main.storyboard */,
				E1F03B4B1F4EA54A007E06F8 /* Info.plist */,
			);
			path = ModelMaker;
			sourceTree = "<group>";
		};
/* End PBXGroup section */

/* Begin PBXNativeTarget section */
		7783F8E11FF4AA41003CFB9E /* iOS ExampleTests */ = {
			isa = PBXNativeTarget;
			buildConfigurationList = 7783F8EE1FF4AA41003CFB9E /* Build configuration list for PBXNativeTarget "iOS ExampleTests" */;
			buildPhases = (
				7783F8DE1FF4AA41003CFB9E /* Sources */,
				7783F8DF1FF4AA41003CFB9E /* Frameworks */,
				7783F8E01FF4AA41003CFB9E /* Resources */,
			);
			buildRules = (
			);
			dependencies = (
				7783F8E81FF4AA41003CFB9E /* PBXTargetDependency */,
			);
			name = "iOS ExampleTests";
			productName = "iOS ExampleTests";
			productReference = 7783F8E21FF4AA41003CFB9E /* iOS ExampleTests.xctest */;
			productType = "com.apple.product-type.bundle.unit-test";
		};
		E15D28CD1DFAB41F0042E678 /* iOS Example */ = {
			isa = PBXNativeTarget;
			buildConfigurationList = E15D28E01DFAB41F0042E678 /* Build configuration list for PBXNativeTarget "iOS Example" */;
			buildPhases = (
				E15D28CA1DFAB41F0042E678 /* Sources */,
				E15D28CB1DFAB41F0042E678 /* Frameworks */,
				E15D28CC1DFAB41F0042E678 /* Resources */,
				E1A7D2CA1E0BA17D00CF9A69 /* Embed Frameworks */,
			);
			buildRules = (
			);
			dependencies = (
				E1A7D2C91E0BA17D00CF9A69 /* PBXTargetDependency */,
			);
			name = "iOS Example";
			productName = "iOS Example";
			productReference = E15D28CE1DFAB41F0042E678 /* iOS Example.app */;
			productType = "com.apple.product-type.application";
		};
		E1F03B3F1F4EA54A007E06F8 /* ModelMaker */ = {
			isa = PBXNativeTarget;
			buildConfigurationList = E1F03B4C1F4EA54A007E06F8 /* Build configuration list for PBXNativeTarget "ModelMaker" */;
			buildPhases = (
				E1F03B3C1F4EA54A007E06F8 /* Sources */,
				E1F03B3D1F4EA54A007E06F8 /* Frameworks */,
				E1F03B3E1F4EA54A007E06F8 /* Resources */,
				E1F03B5C1F4EF1DE007E06F8 /* Embed Frameworks */,
			);
			buildRules = (
			);
			dependencies = (
				E1F03B5B1F4EF1DE007E06F8 /* PBXTargetDependency */,
			);
			name = ModelMaker;
			productName = ModelMaker;
			productReference = E1F03B401F4EA54A007E06F8 /* ModelMaker.app */;
			productType = "com.apple.product-type.application";
		};
/* End PBXNativeTarget section */

/* Begin PBXProject section */
		E15D28C61DFAB41E0042E678 /* Project object */ = {
			isa = PBXProject;
			attributes = {
				LastSwiftUpdateCheck = 0920;
				LastUpgradeCheck = 0900;
				ORGANIZATIONNAME = songwentong;
				TargetAttributes = {
					7783F8E11FF4AA41003CFB9E = {
						CreatedOnToolsVersion = 9.2;
						DevelopmentTeam = QZFW9RQ778;
						ProvisioningStyle = Automatic;
						TestTargetID = E15D28CD1DFAB41F0042E678;
					};
					E15D28CD1DFAB41F0042E678 = {
						CreatedOnToolsVersion = 8.1;
						DevelopmentTeam = QZFW9RQ778;
						LastSwiftMigration = 0900;
						ProvisioningStyle = Automatic;
					};
					E1F03B3F1F4EA54A007E06F8 = {
						CreatedOnToolsVersion = 8.3.3;
						DevelopmentTeam = QZFW9RQ778;
						LastSwiftMigration = 0920;
						ProvisioningStyle = Automatic;
					};
				};
			};
			buildConfigurationList = E15D28C91DFAB41E0042E678 /* Build configuration list for PBXProject "iOS Example" */;
			compatibilityVersion = "Xcode 3.2";
			developmentRegion = English;
			hasScannedForEncodings = 0;
			knownRegions = (
				en,
				Base,
			);
			mainGroup = E15D28C51DFAB41E0042E678;
			productRefGroup = E15D28CF1DFAB41F0042E678 /* Products */;
			projectDirPath = "";
			projectReferences = (
				{
					ProductGroup = E1A7D2AC1E0B82D900CF9A69 /* Products */;
					ProjectRef = E1A7D2AB1E0B82D900CF9A69 /* WTKit.xcodeproj */;
				},
			);
			projectRoot = "";
			targets = (
				E15D28CD1DFAB41F0042E678 /* iOS Example */,
				E1F03B3F1F4EA54A007E06F8 /* ModelMaker */,
				7783F8E11FF4AA41003CFB9E /* iOS ExampleTests */,
			);
		};
/* End PBXProject section */

/* Begin PBXReferenceProxy section */
		E16AE9D41EA5E692009080DE /* WTKitWatchOS.framework */ = {
			isa = PBXReferenceProxy;
			fileType = wrapper.framework;
			path = WTKitWatchOS.framework;
			remoteRef = E16AE9D31EA5E692009080DE /* PBXContainerItemProxy */;
			sourceTree = BUILT_PRODUCTS_DIR;
		};
		E16AE9D61EA5E692009080DE /* WTKitTVOS.framework */ = {
			isa = PBXReferenceProxy;
			fileType = wrapper.framework;
			path = WTKitTVOS.framework;
			remoteRef = E16AE9D51EA5E692009080DE /* PBXContainerItemProxy */;
			sourceTree = BUILT_PRODUCTS_DIR;
		};
		E1A7D2B21E0B82D900CF9A69 /* WTKit.framework */ = {
			isa = PBXReferenceProxy;
			fileType = wrapper.framework;
			path = WTKit.framework;
			remoteRef = E1A7D2B11E0B82D900CF9A69 /* PBXContainerItemProxy */;
			sourceTree = BUILT_PRODUCTS_DIR;
		};
		E1A7D2B41E0B82D900CF9A69 /* WTKitTests.xctest */ = {
			isa = PBXReferenceProxy;
			fileType = wrapper.cfbundle;
			path = WTKitTests.xctest;
			remoteRef = E1A7D2B31E0B82D900CF9A69 /* PBXContainerItemProxy */;
			sourceTree = BUILT_PRODUCTS_DIR;
		};
		E1A7D2B61E0B82D900CF9A69 /* WTKitMacOS.framework */ = {
			isa = PBXReferenceProxy;
			fileType = wrapper.framework;
			path = WTKitMacOS.framework;
			remoteRef = E1A7D2B51E0B82D900CF9A69 /* PBXContainerItemProxy */;
			sourceTree = BUILT_PRODUCTS_DIR;
		};
/* End PBXReferenceProxy section */

/* Begin PBXResourcesBuildPhase section */
		7783F8E01FF4AA41003CFB9E /* Resources */ = {
			isa = PBXResourcesBuildPhase;
			buildActionMask = 2147483647;
			files = (
			);
			runOnlyForDeploymentPostprocessing = 0;
		};
		E15D28CC1DFAB41F0042E678 /* Resources */ = {
			isa = PBXResourcesBuildPhase;
			buildActionMask = 2147483647;
			files = (
				E15D29051DFAB4620042E678 /* Swift使用规范 in Resources */,
				E18B9F9F1E77D25B0013EFA8 /* JSONData in Resources */,
				E15D28FA1DFAB4620042E678 /* Main.storyboard in Resources */,
				774088CD2063B9B6006D74D2 /* GifDemoSB.storyboard in Resources */,
				E15D28F81DFAB4620042E678 /* Assets.xcassets in Resources */,
				E15D28F91DFAB4620042E678 /* LaunchScreen.storyboard in Resources */,
			);
			runOnlyForDeploymentPostprocessing = 0;
		};
		E1F03B3E1F4EA54A007E06F8 /* Resources */ = {
			isa = PBXResourcesBuildPhase;
			buildActionMask = 2147483647;
			files = (
				E1F03B471F4EA54A007E06F8 /* Assets.xcassets in Resources */,
				E1F03B4F1F4EEF2D007E06F8 /* JSONData in Resources */,
				E1F03B4A1F4EA54A007E06F8 /* Main.storyboard in Resources */,
			);
			runOnlyForDeploymentPostprocessing = 0;
		};
/* End PBXResourcesBuildPhase section */

/* Begin PBXSourcesBuildPhase section */
		7783F8DE1FF4AA41003CFB9E /* Sources */ = {
			isa = PBXSourcesBuildPhase;
			buildActionMask = 2147483647;
			files = (
				7783F8E51FF4AA41003CFB9E /* iOS_ExampleTests.swift in Sources */,
			);
			runOnlyForDeploymentPostprocessing = 0;
		};
		E15D28CA1DFAB41F0042E678 /* Sources */ = {
			isa = PBXSourcesBuildPhase;
			buildActionMask = 2147483647;
			files = (
				E15D28FB1DFAB4620042E678 /* ColorViewController.swift in Sources */,
				E15CD2871E9631BD0042CBE1 /* ChartDemo.swift in Sources */,
				E15D29031DFAB4620042E678 /* QRCodeScanVC.swift in Sources */,
				E15D28FC1DFAB4620042E678 /* GetRequestViewController.swift in Sources */,
				E15D29001DFAB4620042E678 /* ImageUploadVC.swift in Sources */,
				E18061FC1E8E1AF30042247E /* ImageListVC.swift in Sources */,
				E15D28FE1DFAB4620042E678 /* HudDemoViewController.swift in Sources */,
				E18062091E8F3DB50042247E /* DetailViewController.swift in Sources */,
				E15D29041DFAB4620042E678 /* ReachabilityVC.swift in Sources */,
				E15D29011DFAB4620042E678 /* ModelDemoViewController.swift in Sources */,
				E19F49B31EA759BB00842DE0 /* RequestDemoVC.swift in Sources */,
				774088D72063BBF4006D74D2 /* DemoInfo.swift in Sources */,
				E15D29071DFAB4620042E678 /* ViewController.swift in Sources */,
				774088D42063BA00006D74D2 /* GifDemoVC.swift in Sources */,
				E15D28FF1DFAB4620042E678 /* ImageDownloadVC.swift in Sources */,
				E18B9FA91E77D4EC0013EFA8 /* WeatherModel.swift in Sources */,
				E15D29021DFAB4620042E678 /* POSTParamatersVC.swift in Sources */,
				E15D28F71DFAB4620042E678 /* AppDelegate.swift in Sources */,
				E15D29061DFAB4620042E678 /* TableRefreshVC.swift in Sources */,
			);
			runOnlyForDeploymentPostprocessing = 0;
		};
		E1F03B3C1F4EA54A007E06F8 /* Sources */ = {
			isa = PBXSourcesBuildPhase;
			buildActionMask = 2147483647;
			files = (
				7716E1111FECD0850098B16E /* ModelName.swift in Sources */,
				E1F03B451F4EA54A007E06F8 /* ViewController.swift in Sources */,
				E1F03B431F4EA54A007E06F8 /* AppDelegate.swift in Sources */,
			);
			runOnlyForDeploymentPostprocessing = 0;
		};
/* End PBXSourcesBuildPhase section */

/* Begin PBXTargetDependency section */
		7783F8E81FF4AA41003CFB9E /* PBXTargetDependency */ = {
			isa = PBXTargetDependency;
			target = E15D28CD1DFAB41F0042E678 /* iOS Example */;
			targetProxy = 7783F8E71FF4AA41003CFB9E /* PBXContainerItemProxy */;
		};
		E1A7D2C91E0BA17D00CF9A69 /* PBXTargetDependency */ = {
			isa = PBXTargetDependency;
			name = WTKit;
			targetProxy = E1A7D2C81E0BA17D00CF9A69 /* PBXContainerItemProxy */;
		};
		E1F03B5B1F4EF1DE007E06F8 /* PBXTargetDependency */ = {
			isa = PBXTargetDependency;
			name = WTKitMacOS;
			targetProxy = E1F03B5A1F4EF1DE007E06F8 /* PBXContainerItemProxy */;
		};
/* End PBXTargetDependency section */

/* Begin PBXVariantGroup section */
		774088CB2063B9B6006D74D2 /* GifDemoSB.storyboard */ = {
			isa = PBXVariantGroup;
			children = (
				774088CC2063B9B6006D74D2 /* Base */,
			);
			name = GifDemoSB.storyboard;
			sourceTree = "<group>";
		};
		E15D28E61DFAB4620042E678 /* LaunchScreen.storyboard */ = {
			isa = PBXVariantGroup;
			children = (
				E15D28E71DFAB4620042E678 /* Base */,
			);
			name = LaunchScreen.storyboard;
			sourceTree = "<group>";
		};
		E15D28E81DFAB4620042E678 /* Main.storyboard */ = {
			isa = PBXVariantGroup;
			children = (
				E15D28E91DFAB4620042E678 /* Base */,
			);
			name = Main.storyboard;
			sourceTree = "<group>";
		};
		E1F03B481F4EA54A007E06F8 /* Main.storyboard */ = {
			isa = PBXVariantGroup;
			children = (
				E1F03B491F4EA54A007E06F8 /* Base */,
			);
			name = Main.storyboard;
			sourceTree = "<group>";
		};
/* End PBXVariantGroup section */

/* Begin XCBuildConfiguration section */
		7783F8E91FF4AA41003CFB9E /* Debug */ = {
			isa = XCBuildConfiguration;
			buildSettings = {
				BUNDLE_LOADER = "$(TEST_HOST)";
				CLANG_ANALYZER_NUMBER_OBJECT_CONVERSION = YES_AGGRESSIVE;
				CLANG_CXX_LANGUAGE_STANDARD = "gnu++14";
				CLANG_WARN_UNGUARDED_AVAILABILITY = YES_AGGRESSIVE;
				CODE_SIGN_IDENTITY = "iPhone Developer";
				CODE_SIGN_STYLE = Automatic;
				DEVELOPMENT_TEAM = QZFW9RQ778;
				GCC_C_LANGUAGE_STANDARD = gnu11;
				INFOPLIST_FILE = "iOS ExampleTests/Info.plist";
				IPHONEOS_DEPLOYMENT_TARGET = 11.2;
				LD_RUNPATH_SEARCH_PATHS = "$(inherited) @executable_path/Frameworks @loader_path/Frameworks";
				PRODUCT_BUNDLE_IDENTIFIER = "com.mobi.iOS-ExampleTests";
				PRODUCT_NAME = "$(TARGET_NAME)";
				SWIFT_VERSION = 4.0;
				TARGETED_DEVICE_FAMILY = "1,2";
				TEST_HOST = "$(BUILT_PRODUCTS_DIR)/iOS Example.app/iOS Example";
			};
			name = Debug;
		};
		7783F8EA1FF4AA41003CFB9E /* Release */ = {
			isa = XCBuildConfiguration;
			buildSettings = {
				BUNDLE_LOADER = "$(TEST_HOST)";
				CLANG_ANALYZER_NUMBER_OBJECT_CONVERSION = YES_AGGRESSIVE;
				CLANG_CXX_LANGUAGE_STANDARD = "gnu++14";
				CLANG_WARN_UNGUARDED_AVAILABILITY = YES_AGGRESSIVE;
				CODE_SIGN_IDENTITY = "iPhone Developer";
				CODE_SIGN_STYLE = Automatic;
				DEVELOPMENT_TEAM = QZFW9RQ778;
				GCC_C_LANGUAGE_STANDARD = gnu11;
				INFOPLIST_FILE = "iOS ExampleTests/Info.plist";
				IPHONEOS_DEPLOYMENT_TARGET = 11.2;
				LD_RUNPATH_SEARCH_PATHS = "$(inherited) @executable_path/Frameworks @loader_path/Frameworks";
				PRODUCT_BUNDLE_IDENTIFIER = "com.mobi.iOS-ExampleTests";
				PRODUCT_NAME = "$(TARGET_NAME)";
				SWIFT_VERSION = 4.0;
				TARGETED_DEVICE_FAMILY = "1,2";
				TEST_HOST = "$(BUILT_PRODUCTS_DIR)/iOS Example.app/iOS Example";
			};
			name = Release;
		};
		E15D28DE1DFAB41F0042E678 /* Debug */ = {
			isa = XCBuildConfiguration;
			buildSettings = {
				ALWAYS_SEARCH_USER_PATHS = NO;
				CLANG_ANALYZER_NONNULL = YES;
				CLANG_CXX_LANGUAGE_STANDARD = "gnu++0x";
				CLANG_CXX_LIBRARY = "libc++";
				CLANG_ENABLE_MODULES = YES;
				CLANG_ENABLE_OBJC_ARC = YES;
				CLANG_WARN_BLOCK_CAPTURE_AUTORELEASING = YES;
				CLANG_WARN_BOOL_CONVERSION = YES;
				CLANG_WARN_COMMA = YES;
				CLANG_WARN_CONSTANT_CONVERSION = YES;
				CLANG_WARN_DIRECT_OBJC_ISA_USAGE = YES_ERROR;
				CLANG_WARN_DOCUMENTATION_COMMENTS = YES;
				CLANG_WARN_EMPTY_BODY = YES;
				CLANG_WARN_ENUM_CONVERSION = YES;
				CLANG_WARN_INFINITE_RECURSION = YES;
				CLANG_WARN_INT_CONVERSION = YES;
				CLANG_WARN_NON_LITERAL_NULL_CONVERSION = YES;
				CLANG_WARN_OBJC_LITERAL_CONVERSION = YES;
				CLANG_WARN_OBJC_ROOT_CLASS = YES_ERROR;
				CLANG_WARN_RANGE_LOOP_ANALYSIS = YES;
				CLANG_WARN_STRICT_PROTOTYPES = YES;
				CLANG_WARN_SUSPICIOUS_MOVE = YES;
				CLANG_WARN_SUSPICIOUS_MOVES = YES;
				CLANG_WARN_UNREACHABLE_CODE = YES;
				CLANG_WARN__DUPLICATE_METHOD_MATCH = YES;
				"CODE_SIGN_IDENTITY[sdk=iphoneos*]" = "iPhone Developer";
				COPY_PHASE_STRIP = NO;
				DEBUG_INFORMATION_FORMAT = dwarf;
				ENABLE_STRICT_OBJC_MSGSEND = YES;
				ENABLE_TESTABILITY = YES;
				GCC_C_LANGUAGE_STANDARD = gnu99;
				GCC_DYNAMIC_NO_PIC = NO;
				GCC_NO_COMMON_BLOCKS = YES;
				GCC_OPTIMIZATION_LEVEL = 0;
				GCC_PREPROCESSOR_DEFINITIONS = (
					"DEBUG=1",
					"$(inherited)",
				);
				GCC_WARN_64_TO_32_BIT_CONVERSION = YES;
				GCC_WARN_ABOUT_RETURN_TYPE = YES_ERROR;
				GCC_WARN_UNDECLARED_SELECTOR = YES;
				GCC_WARN_UNINITIALIZED_AUTOS = YES_AGGRESSIVE;
				GCC_WARN_UNUSED_FUNCTION = YES;
				GCC_WARN_UNUSED_VARIABLE = YES;
				IPHONEOS_DEPLOYMENT_TARGET = 10.1;
				MTL_ENABLE_DEBUG_INFO = YES;
				ONLY_ACTIVE_ARCH = YES;
				SDKROOT = iphoneos;
				SWIFT_ACTIVE_COMPILATION_CONDITIONS = DEBUG;
				SWIFT_OPTIMIZATION_LEVEL = "-Onone";
			};
			name = Debug;
		};
		E15D28DF1DFAB41F0042E678 /* Release */ = {
			isa = XCBuildConfiguration;
			buildSettings = {
				ALWAYS_SEARCH_USER_PATHS = NO;
				CLANG_ANALYZER_NONNULL = YES;
				CLANG_CXX_LANGUAGE_STANDARD = "gnu++0x";
				CLANG_CXX_LIBRARY = "libc++";
				CLANG_ENABLE_MODULES = YES;
				CLANG_ENABLE_OBJC_ARC = YES;
				CLANG_WARN_BLOCK_CAPTURE_AUTORELEASING = YES;
				CLANG_WARN_BOOL_CONVERSION = YES;
				CLANG_WARN_COMMA = YES;
				CLANG_WARN_CONSTANT_CONVERSION = YES;
				CLANG_WARN_DIRECT_OBJC_ISA_USAGE = YES_ERROR;
				CLANG_WARN_DOCUMENTATION_COMMENTS = YES;
				CLANG_WARN_EMPTY_BODY = YES;
				CLANG_WARN_ENUM_CONVERSION = YES;
				CLANG_WARN_INFINITE_RECURSION = YES;
				CLANG_WARN_INT_CONVERSION = YES;
				CLANG_WARN_NON_LITERAL_NULL_CONVERSION = YES;
				CLANG_WARN_OBJC_LITERAL_CONVERSION = YES;
				CLANG_WARN_OBJC_ROOT_CLASS = YES_ERROR;
				CLANG_WARN_RANGE_LOOP_ANALYSIS = YES;
				CLANG_WARN_STRICT_PROTOTYPES = YES;
				CLANG_WARN_SUSPICIOUS_MOVE = YES;
				CLANG_WARN_SUSPICIOUS_MOVES = YES;
				CLANG_WARN_UNREACHABLE_CODE = YES;
				CLANG_WARN__DUPLICATE_METHOD_MATCH = YES;
				"CODE_SIGN_IDENTITY[sdk=iphoneos*]" = "iPhone Developer";
				COPY_PHASE_STRIP = NO;
				DEBUG_INFORMATION_FORMAT = "dwarf-with-dsym";
				ENABLE_NS_ASSERTIONS = NO;
				ENABLE_STRICT_OBJC_MSGSEND = YES;
				GCC_C_LANGUAGE_STANDARD = gnu99;
				GCC_NO_COMMON_BLOCKS = YES;
				GCC_WARN_64_TO_32_BIT_CONVERSION = YES;
				GCC_WARN_ABOUT_RETURN_TYPE = YES_ERROR;
				GCC_WARN_UNDECLARED_SELECTOR = YES;
				GCC_WARN_UNINITIALIZED_AUTOS = YES_AGGRESSIVE;
				GCC_WARN_UNUSED_FUNCTION = YES;
				GCC_WARN_UNUSED_VARIABLE = YES;
				IPHONEOS_DEPLOYMENT_TARGET = 10.1;
				MTL_ENABLE_DEBUG_INFO = NO;
				SDKROOT = iphoneos;
				SWIFT_OPTIMIZATION_LEVEL = "-Owholemodule";
				VALIDATE_PRODUCT = YES;
			};
			name = Release;
		};
		E15D28E11DFAB41F0042E678 /* Debug */ = {
			isa = XCBuildConfiguration;
			buildSettings = {
				ALWAYS_EMBED_SWIFT_STANDARD_LIBRARIES = YES;
				ASSETCATALOG_COMPILER_APPICON_NAME = AppIcon;
				CLANG_ENABLE_MODULES = YES;
				DEVELOPMENT_TEAM = QZFW9RQ778;
				INFOPLIST_FILE = "iOS Example/Info.plist";
				IPHONEOS_DEPLOYMENT_TARGET = 11.0;
				LD_RUNPATH_SEARCH_PATHS = "$(inherited) @executable_path/Frameworks";
				PRODUCT_BUNDLE_IDENTIFIER = "com.songwentong.iOS-Example";
				PRODUCT_NAME = "$(TARGET_NAME)";
				SWIFT_OPTIMIZATION_LEVEL = "-Onone";
				SWIFT_SWIFT3_OBJC_INFERENCE = Default;
				SWIFT_VERSION = 4.0;
				TARGETED_DEVICE_FAMILY = 1;
			};
			name = Debug;
		};
		E15D28E21DFAB41F0042E678 /* Release */ = {
			isa = XCBuildConfiguration;
			buildSettings = {
				ALWAYS_EMBED_SWIFT_STANDARD_LIBRARIES = YES;
				ASSETCATALOG_COMPILER_APPICON_NAME = AppIcon;
				CLANG_ENABLE_MODULES = YES;
				DEVELOPMENT_TEAM = QZFW9RQ778;
				INFOPLIST_FILE = "iOS Example/Info.plist";
				IPHONEOS_DEPLOYMENT_TARGET = 11.0;
				LD_RUNPATH_SEARCH_PATHS = "$(inherited) @executable_path/Frameworks";
				PRODUCT_BUNDLE_IDENTIFIER = "com.songwentong.iOS-Example";
				PRODUCT_NAME = "$(TARGET_NAME)";
				SWIFT_SWIFT3_OBJC_INFERENCE = Default;
				SWIFT_VERSION = 4.0;
				TARGETED_DEVICE_FAMILY = 1;
			};
			name = Release;
		};
		E1F03B4D1F4EA54A007E06F8 /* Debug */ = {
			isa = XCBuildConfiguration;
			buildSettings = {
				ALWAYS_EMBED_SWIFT_STANDARD_LIBRARIES = YES;
				ASSETCATALOG_COMPILER_APPICON_NAME = AppIcon;
				CLANG_ANALYZER_NUMBER_OBJECT_CONVERSION = YES_AGGRESSIVE;
				CODE_SIGN_IDENTITY = "-";
				COMBINE_HIDPI_IMAGES = YES;
				DEVELOPMENT_TEAM = QZFW9RQ778;
				INFOPLIST_FILE = ModelMaker/Info.plist;
				LD_RUNPATH_SEARCH_PATHS = "$(inherited) @executable_path/../Frameworks";
				MACOSX_DEPLOYMENT_TARGET = 10.13;
				PRODUCT_BUNDLE_IDENTIFIER = com.songwentong.ModelMaker;
				PRODUCT_NAME = "$(TARGET_NAME)";
				SDKROOT = macosx;
				SWIFT_SWIFT3_OBJC_INFERENCE = On;
				SWIFT_VERSION = 4.0;
			};
			name = Debug;
		};
		E1F03B4E1F4EA54A007E06F8 /* Release */ = {
			isa = XCBuildConfiguration;
			buildSettings = {
				ALWAYS_EMBED_SWIFT_STANDARD_LIBRARIES = YES;
				ASSETCATALOG_COMPILER_APPICON_NAME = AppIcon;
				CLANG_ANALYZER_NUMBER_OBJECT_CONVERSION = YES_AGGRESSIVE;
				CODE_SIGN_IDENTITY = "-";
				COMBINE_HIDPI_IMAGES = YES;
				DEVELOPMENT_TEAM = QZFW9RQ778;
				INFOPLIST_FILE = ModelMaker/Info.plist;
				LD_RUNPATH_SEARCH_PATHS = "$(inherited) @executable_path/../Frameworks";
				MACOSX_DEPLOYMENT_TARGET = 10.13;
				PRODUCT_BUNDLE_IDENTIFIER = com.songwentong.ModelMaker;
				PRODUCT_NAME = "$(TARGET_NAME)";
				SDKROOT = macosx;
				SWIFT_SWIFT3_OBJC_INFERENCE = On;
				SWIFT_VERSION = 4.0;
			};
			name = Release;
		};
/* End XCBuildConfiguration section */

/* Begin XCConfigurationList section */
		7783F8EE1FF4AA41003CFB9E /* Build configuration list for PBXNativeTarget "iOS ExampleTests" */ = {
			isa = XCConfigurationList;
			buildConfigurations = (
				7783F8E91FF4AA41003CFB9E /* Debug */,
				7783F8EA1FF4AA41003CFB9E /* Release */,
			);
			defaultConfigurationIsVisible = 0;
			defaultConfigurationName = Release;
		};
		E15D28C91DFAB41E0042E678 /* Build configuration list for PBXProject "iOS Example" */ = {
			isa = XCConfigurationList;
			buildConfigurations = (
				E15D28DE1DFAB41F0042E678 /* Debug */,
				E15D28DF1DFAB41F0042E678 /* Release */,
			);
			defaultConfigurationIsVisible = 0;
			defaultConfigurationName = Release;
		};
		E15D28E01DFAB41F0042E678 /* Build configuration list for PBXNativeTarget "iOS Example" */ = {
			isa = XCConfigurationList;
			buildConfigurations = (
				E15D28E11DFAB41F0042E678 /* Debug */,
				E15D28E21DFAB41F0042E678 /* Release */,
			);
			defaultConfigurationIsVisible = 0;
			defaultConfigurationName = Release;
		};
		E1F03B4C1F4EA54A007E06F8 /* Build configuration list for PBXNativeTarget "ModelMaker" */ = {
			isa = XCConfigurationList;
			buildConfigurations = (
				E1F03B4D1F4EA54A007E06F8 /* Debug */,
				E1F03B4E1F4EA54A007E06F8 /* Release */,
			);
			defaultConfigurationIsVisible = 0;
			defaultConfigurationName = Release;
		};
/* End XCConfigurationList section */
	};
	rootObject = E15D28C61DFAB41E0042E678 /* Project object */;
}
