// !$*UTF8*$!
{
	archiveVersion = 1;
	classes = {
	};
	objectVersion = 46;
	objects = {

/* Begin PBXBuildFile section */
		1420D04763DB4543F474A530 /* Pods_WTKitTVOS.framework in Frameworks */ = {isa = PBXBuildFile; fileRef = 32B526AF584593F70158F0B1 /* Pods_WTKitTVOS.framework */; };
		643E21DFFB6979810D49814C /* Pods_WTKitWatchOS.framework in Frameworks */ = {isa = PBXBuildFile; fileRef = 47DD73B7304B07B48AA21F97 /* Pods_WTKitWatchOS.framework */; };
		6D9E84B800B8C8C0CD235EED /* Pods_WTKitMacOS.framework in Frameworks */ = {isa = PBXBuildFile; fileRef = AD46A7602C141C524052CC4D /* Pods_WTKitMacOS.framework */; };
		771E7CCF20A2CD8000E06169 /* RefreshHeaderView.xib in Resources */ = {isa = PBXBuildFile; fileRef = 771E7CCE20A2CD8000E06169 /* RefreshHeaderView.xib */; };
		7731D5FC20AAB1EB003AB76B /* Dictionary.swift in Sources */ = {isa = PBXBuildFile; fileRef = 7731D5FB20AAB1EB003AB76B /* Dictionary.swift */; };
		778A5F63206B333600A0597C /* arrow.png in Resources */ = {isa = PBXBuildFile; fileRef = 778A5F61206B333600A0597C /* arrow.png */; };
		778A5F78206B337D00A0597C /* WTKit.h in Headers */ = {isa = PBXBuildFile; fileRef = 778A5F66206B337C00A0597C /* WTKit.h */; settings = {ATTRIBUTES = (Public, ); }; };
		778A5F79206B337D00A0597C /* CustomExtension.swift in Sources */ = {isa = PBXBuildFile; fileRef = 778A5F67206B337C00A0597C /* CustomExtension.swift */; };
		778A5F7A206B337D00A0597C /* Chart.swift in Sources */ = {isa = PBXBuildFile; fileRef = 778A5F68206B337C00A0597C /* Chart.swift */; };
		778A5F7B206B337D00A0597C /* WTModelMaker.swift in Sources */ = {isa = PBXBuildFile; fileRef = 778A5F69206B337C00A0597C /* WTModelMaker.swift */; };
		778A5F7C206B337D00A0597C /* WTReachability.swift in Sources */ = {isa = PBXBuildFile; fileRef = 778A5F6A206B337C00A0597C /* WTReachability.swift */; };
		778A5F7D206B337D00A0597C /* UIKitExtension.swift in Sources */ = {isa = PBXBuildFile; fileRef = 778A5F6B206B337C00A0597C /* UIKitExtension.swift */; };
		778A5F7E206B337D00A0597C /* Algorithm.swift in Sources */ = {isa = PBXBuildFile; fileRef = 778A5F6C206B337C00A0597C /* Algorithm.swift */; };
		778A5F7F206B337D00A0597C /* FoundationExtension.swift in Sources */ = {isa = PBXBuildFile; fileRef = 778A5F6D206B337C00A0597C /* FoundationExtension.swift */; };
		778A5F80206B337D00A0597C /* WTWebSocket.swift in Sources */ = {isa = PBXBuildFile; fileRef = 778A5F6E206B337C00A0597C /* WTWebSocket.swift */; };
		778A5F81206B337D00A0597C /* WTURLSessionManager.swift in Sources */ = {isa = PBXBuildFile; fileRef = 778A5F6F206B337C00A0597C /* WTURLSessionManager.swift */; };
		778A5F82206B337D00A0597C /* WTVersionTracking.swift in Sources */ = {isa = PBXBuildFile; fileRef = 778A5F70206B337C00A0597C /* WTVersionTracking.swift */; };
		778A5F83206B337D00A0597C /* WTURLSessionTask.swift in Sources */ = {isa = PBXBuildFile; fileRef = 778A5F71206B337C00A0597C /* WTURLSessionTask.swift */; };
		778A5F84206B337D00A0597C /* WTWebImage.swift in Sources */ = {isa = PBXBuildFile; fileRef = 778A5F72206B337C00A0597C /* WTWebImage.swift */; };
		778A5F85206B337D00A0597C /* WTImagePickerController.swift in Sources */ = {isa = PBXBuildFile; fileRef = 778A5F73206B337C00A0597C /* WTImagePickerController.swift */; };
		778A5F86206B337D00A0597C /* Hud.swift in Sources */ = {isa = PBXBuildFile; fileRef = 778A5F74206B337D00A0597C /* Hud.swift */; };
		778A5F87206B337D00A0597C /* WTNetWork.swift in Sources */ = {isa = PBXBuildFile; fileRef = 778A5F75206B337D00A0597C /* WTNetWork.swift */; };
		778A5F88206B337D00A0597C /* DispatchExtension.swift in Sources */ = {isa = PBXBuildFile; fileRef = 778A5F76206B337D00A0597C /* DispatchExtension.swift */; };
		778A5F89206B337D00A0597C /* WTImagePickerControllerDelegate.swift in Sources */ = {isa = PBXBuildFile; fileRef = 778A5F77206B337D00A0597C /* WTImagePickerControllerDelegate.swift */; };
		778A5F91206CB81B00A0597C /* Algorithm.swift in Sources */ = {isa = PBXBuildFile; fileRef = 778A5F6C206B337C00A0597C /* Algorithm.swift */; };
		778A5F92206CB81C00A0597C /* Chart.swift in Sources */ = {isa = PBXBuildFile; fileRef = 778A5F68206B337C00A0597C /* Chart.swift */; };
		778A5F93206CB81C00A0597C /* CustomExtension.swift in Sources */ = {isa = PBXBuildFile; fileRef = 778A5F67206B337C00A0597C /* CustomExtension.swift */; };
		778A5F94206CB81C00A0597C /* DispatchExtension.swift in Sources */ = {isa = PBXBuildFile; fileRef = 778A5F76206B337D00A0597C /* DispatchExtension.swift */; };
		778A5F95206CB81C00A0597C /* FoundationExtension.swift in Sources */ = {isa = PBXBuildFile; fileRef = 778A5F6D206B337C00A0597C /* FoundationExtension.swift */; };
		778A5F96206CB81C00A0597C /* Hud.swift in Sources */ = {isa = PBXBuildFile; fileRef = 778A5F74206B337D00A0597C /* Hud.swift */; };
		778A5F97206CB81C00A0597C /* UIKitExtension.swift in Sources */ = {isa = PBXBuildFile; fileRef = 778A5F6B206B337C00A0597C /* UIKitExtension.swift */; };
		778A5F9A206CB81C00A0597C /* WTModelMaker.swift in Sources */ = {isa = PBXBuildFile; fileRef = 778A5F69206B337C00A0597C /* WTModelMaker.swift */; };
		778A5F9B206CB81C00A0597C /* WTNetWork.swift in Sources */ = {isa = PBXBuildFile; fileRef = 778A5F75206B337D00A0597C /* WTNetWork.swift */; };
		778A5F9C206CB81C00A0597C /* WTReachability.swift in Sources */ = {isa = PBXBuildFile; fileRef = 778A5F6A206B337C00A0597C /* WTReachability.swift */; };
		778A5F9D206CB81C00A0597C /* WTURLSessionManager.swift in Sources */ = {isa = PBXBuildFile; fileRef = 778A5F6F206B337C00A0597C /* WTURLSessionManager.swift */; };
		778A5F9E206CB81C00A0597C /* WTURLSessionTask.swift in Sources */ = {isa = PBXBuildFile; fileRef = 778A5F71206B337C00A0597C /* WTURLSessionTask.swift */; };
		778A5F9F206CB81C00A0597C /* WTVersionTracking.swift in Sources */ = {isa = PBXBuildFile; fileRef = 778A5F70206B337C00A0597C /* WTVersionTracking.swift */; };
		778A5FA1206CB81C00A0597C /* WTWebSocket.swift in Sources */ = {isa = PBXBuildFile; fileRef = 778A5F6E206B337C00A0597C /* WTWebSocket.swift */; };
		77E0D4DD20DDE0A6002B614E /* Array.swift in Sources */ = {isa = PBXBuildFile; fileRef = 77E0D4DC20DDE0A6002B614E /* Array.swift */; };
		E16AE9CC1EA5C2A8009080DE /* WTKitTests.swift in Sources */ = {isa = PBXBuildFile; fileRef = E1D21AF81DE04D6D0011F302 /* WTKitTests.swift */; };
		E1D21AFB1DE04D6D0011F302 /* WTKit.framework in Frameworks */ = {isa = PBXBuildFile; fileRef = E17BDA1B1DDDC11A00CF5672 /* WTKit.framework */; };
		E1EDED061E9F4F6100DDC372 /* WTKitWatchOS.h in Headers */ = {isa = PBXBuildFile; fileRef = E1EDED041E9F4F6100DDC372 /* WTKitWatchOS.h */; settings = {ATTRIBUTES = (Public, ); }; };
		E1EDED221E9F4FCA00DDC372 /* WTKitMacOS.h in Headers */ = {isa = PBXBuildFile; fileRef = E1EDED201E9F4FCA00DDC372 /* WTKitMacOS.h */; settings = {ATTRIBUTES = (Public, ); }; };
		E1EDED5A1E9F506F00DDC372 /* WTKitTVOS.h in Headers */ = {isa = PBXBuildFile; fileRef = E1EDED581E9F506F00DDC372 /* WTKitTVOS.h */; settings = {ATTRIBUTES = (Public, ); }; };
		E65A1C35F3C88AB7BFC0F878 /* Pods_WTKitTests.framework in Frameworks */ = {isa = PBXBuildFile; fileRef = B2BDCA271B8912ACA8860D9C /* Pods_WTKitTests.framework */; };
		ED224644CE3F0AA417FFAC42 /* Pods_WTKit.framework in Frameworks */ = {isa = PBXBuildFile; fileRef = E1552EE6543549D13BD5A6F2 /* Pods_WTKit.framework */; };
/* End PBXBuildFile section */

/* Begin PBXContainerItemProxy section */
		E1D21AFC1DE04D6D0011F302 /* PBXContainerItemProxy */ = {
			isa = PBXContainerItemProxy;
			containerPortal = E17BDA121DDDC11A00CF5672 /* Project object */;
			proxyType = 1;
			remoteGlobalIDString = E17BDA1A1DDDC11A00CF5672;
			remoteInfo = WTKit;
		};
/* End PBXContainerItemProxy section */

/* Begin PBXFileReference section */
		120C9DD7A5B5A076CA8A1C06 /* Pods-WTKitTests.debug.xcconfig */ = {isa = PBXFileReference; includeInIndex = 1; lastKnownFileType = text.xcconfig; name = "Pods-WTKitTests.debug.xcconfig"; path = "Pods/Target Support Files/Pods-WTKitTests/Pods-WTKitTests.debug.xcconfig"; sourceTree = "<group>"; };
		32B526AF584593F70158F0B1 /* Pods_WTKitTVOS.framework */ = {isa = PBXFileReference; explicitFileType = wrapper.framework; includeInIndex = 0; path = Pods_WTKitTVOS.framework; sourceTree = BUILT_PRODUCTS_DIR; };
		47DD73B7304B07B48AA21F97 /* Pods_WTKitWatchOS.framework */ = {isa = PBXFileReference; explicitFileType = wrapper.framework; includeInIndex = 0; path = Pods_WTKitWatchOS.framework; sourceTree = BUILT_PRODUCTS_DIR; };
		771E7CCE20A2CD8000E06169 /* RefreshHeaderView.xib */ = {isa = PBXFileReference; lastKnownFileType = file.xib; path = RefreshHeaderView.xib; sourceTree = "<group>"; };
		7731D5FB20AAB1EB003AB76B /* Dictionary.swift */ = {isa = PBXFileReference; lastKnownFileType = sourcecode.swift; path = Dictionary.swift; sourceTree = "<group>"; };
		778A5F61206B333600A0597C /* arrow.png */ = {isa = PBXFileReference; lastKnownFileType = image.png; path = arrow.png; sourceTree = "<group>"; };
		778A5F62206B333600A0597C /* Info.plist */ = {isa = PBXFileReference; fileEncoding = 4; lastKnownFileType = text.plist.xml; path = Info.plist; sourceTree = "<group>"; };
		778A5F66206B337C00A0597C /* WTKit.h */ = {isa = PBXFileReference; fileEncoding = 4; lastKnownFileType = sourcecode.c.h; path = WTKit.h; sourceTree = "<group>"; };
		778A5F67206B337C00A0597C /* CustomExtension.swift */ = {isa = PBXFileReference; fileEncoding = 4; lastKnownFileType = sourcecode.swift; path = CustomExtension.swift; sourceTree = "<group>"; };
		778A5F68206B337C00A0597C /* Chart.swift */ = {isa = PBXFileReference; fileEncoding = 4; lastKnownFileType = sourcecode.swift; path = Chart.swift; sourceTree = "<group>"; };
		778A5F69206B337C00A0597C /* WTModelMaker.swift */ = {isa = PBXFileReference; fileEncoding = 4; lastKnownFileType = sourcecode.swift; path = WTModelMaker.swift; sourceTree = "<group>"; };
		778A5F6A206B337C00A0597C /* WTReachability.swift */ = {isa = PBXFileReference; fileEncoding = 4; lastKnownFileType = sourcecode.swift; path = WTReachability.swift; sourceTree = "<group>"; };
		778A5F6B206B337C00A0597C /* UIKitExtension.swift */ = {isa = PBXFileReference; fileEncoding = 4; lastKnownFileType = sourcecode.swift; path = UIKitExtension.swift; sourceTree = "<group>"; };
		778A5F6C206B337C00A0597C /* Algorithm.swift */ = {isa = PBXFileReference; fileEncoding = 4; lastKnownFileType = sourcecode.swift; path = Algorithm.swift; sourceTree = "<group>"; };
		778A5F6D206B337C00A0597C /* FoundationExtension.swift */ = {isa = PBXFileReference; fileEncoding = 4; lastKnownFileType = sourcecode.swift; path = FoundationExtension.swift; sourceTree = "<group>"; };
		778A5F6E206B337C00A0597C /* WTWebSocket.swift */ = {isa = PBXFileReference; fileEncoding = 4; lastKnownFileType = sourcecode.swift; path = WTWebSocket.swift; sourceTree = "<group>"; };
		778A5F6F206B337C00A0597C /* WTURLSessionManager.swift */ = {isa = PBXFileReference; fileEncoding = 4; lastKnownFileType = sourcecode.swift; path = WTURLSessionManager.swift; sourceTree = "<group>"; };
		778A5F70206B337C00A0597C /* WTVersionTracking.swift */ = {isa = PBXFileReference; fileEncoding = 4; lastKnownFileType = sourcecode.swift; path = WTVersionTracking.swift; sourceTree = "<group>"; };
		778A5F71206B337C00A0597C /* WTURLSessionTask.swift */ = {isa = PBXFileReference; fileEncoding = 4; lastKnownFileType = sourcecode.swift; path = WTURLSessionTask.swift; sourceTree = "<group>"; };
		778A5F72206B337C00A0597C /* WTWebImage.swift */ = {isa = PBXFileReference; fileEncoding = 4; lastKnownFileType = sourcecode.swift; path = WTWebImage.swift; sourceTree = "<group>"; };
		778A5F73206B337C00A0597C /* WTImagePickerController.swift */ = {isa = PBXFileReference; fileEncoding = 4; lastKnownFileType = sourcecode.swift; path = WTImagePickerController.swift; sourceTree = "<group>"; };
		778A5F74206B337D00A0597C /* Hud.swift */ = {isa = PBXFileReference; fileEncoding = 4; lastKnownFileType = sourcecode.swift; path = Hud.swift; sourceTree = "<group>"; };
		778A5F75206B337D00A0597C /* WTNetWork.swift */ = {isa = PBXFileReference; fileEncoding = 4; lastKnownFileType = sourcecode.swift; path = WTNetWork.swift; sourceTree = "<group>"; };
		778A5F76206B337D00A0597C /* DispatchExtension.swift */ = {isa = PBXFileReference; fileEncoding = 4; lastKnownFileType = sourcecode.swift; path = DispatchExtension.swift; sourceTree = "<group>"; };
		778A5F77206B337D00A0597C /* WTImagePickerControllerDelegate.swift */ = {isa = PBXFileReference; fileEncoding = 4; lastKnownFileType = sourcecode.swift; path = WTImagePickerControllerDelegate.swift; sourceTree = "<group>"; };
		77A80766381DAFD146956F3C /* Pods-WTKit.debug.xcconfig */ = {isa = PBXFileReference; includeInIndex = 1; lastKnownFileType = text.xcconfig; name = "Pods-WTKit.debug.xcconfig"; path = "Pods/Target Support Files/Pods-WTKit/Pods-WTKit.debug.xcconfig"; sourceTree = "<group>"; };
		77E0D4DC20DDE0A6002B614E /* Array.swift */ = {isa = PBXFileReference; lastKnownFileType = sourcecode.swift; path = Array.swift; sourceTree = "<group>"; };
		7E771F3E8099EE6B10314798 /* Pods-WTKitTVOS.debug.xcconfig */ = {isa = PBXFileReference; includeInIndex = 1; lastKnownFileType = text.xcconfig; name = "Pods-WTKitTVOS.debug.xcconfig"; path = "Pods/Target Support Files/Pods-WTKitTVOS/Pods-WTKitTVOS.debug.xcconfig"; sourceTree = "<group>"; };
		97D29A9ECCA33145BD915CB7 /* Pods-WTKitTVOS.release.xcconfig */ = {isa = PBXFileReference; includeInIndex = 1; lastKnownFileType = text.xcconfig; name = "Pods-WTKitTVOS.release.xcconfig"; path = "Pods/Target Support Files/Pods-WTKitTVOS/Pods-WTKitTVOS.release.xcconfig"; sourceTree = "<group>"; };
		AD46A7602C141C524052CC4D /* Pods_WTKitMacOS.framework */ = {isa = PBXFileReference; explicitFileType = wrapper.framework; includeInIndex = 0; path = Pods_WTKitMacOS.framework; sourceTree = BUILT_PRODUCTS_DIR; };
		B1522D7BFCF8DE1B3B768069 /* Pods-WTKitWatchOS.debug.xcconfig */ = {isa = PBXFileReference; includeInIndex = 1; lastKnownFileType = text.xcconfig; name = "Pods-WTKitWatchOS.debug.xcconfig"; path = "Pods/Target Support Files/Pods-WTKitWatchOS/Pods-WTKitWatchOS.debug.xcconfig"; sourceTree = "<group>"; };
		B2BDCA271B8912ACA8860D9C /* Pods_WTKitTests.framework */ = {isa = PBXFileReference; explicitFileType = wrapper.framework; includeInIndex = 0; path = Pods_WTKitTests.framework; sourceTree = BUILT_PRODUCTS_DIR; };
		B56D8DF60E8B0300DF744ABC /* Pods-WTKitMacOS.release.xcconfig */ = {isa = PBXFileReference; includeInIndex = 1; lastKnownFileType = text.xcconfig; name = "Pods-WTKitMacOS.release.xcconfig"; path = "Pods/Target Support Files/Pods-WTKitMacOS/Pods-WTKitMacOS.release.xcconfig"; sourceTree = "<group>"; };
		D01D0863E9151C3C3141369B /* Pods-WTKitMacOS.debug.xcconfig */ = {isa = PBXFileReference; includeInIndex = 1; lastKnownFileType = text.xcconfig; name = "Pods-WTKitMacOS.debug.xcconfig"; path = "Pods/Target Support Files/Pods-WTKitMacOS/Pods-WTKitMacOS.debug.xcconfig"; sourceTree = "<group>"; };
		D6D458DA61DA460C595DE637 /* Pods-WTKit.release.xcconfig */ = {isa = PBXFileReference; includeInIndex = 1; lastKnownFileType = text.xcconfig; name = "Pods-WTKit.release.xcconfig"; path = "Pods/Target Support Files/Pods-WTKit/Pods-WTKit.release.xcconfig"; sourceTree = "<group>"; };
		D9E20C9C2CD7B3E96C486EC5 /* Pods-WTKitTests.release.xcconfig */ = {isa = PBXFileReference; includeInIndex = 1; lastKnownFileType = text.xcconfig; name = "Pods-WTKitTests.release.xcconfig"; path = "Pods/Target Support Files/Pods-WTKitTests/Pods-WTKitTests.release.xcconfig"; sourceTree = "<group>"; };
		E1552EE6543549D13BD5A6F2 /* Pods_WTKit.framework */ = {isa = PBXFileReference; explicitFileType = wrapper.framework; includeInIndex = 0; path = Pods_WTKit.framework; sourceTree = BUILT_PRODUCTS_DIR; };
		E17BDA1B1DDDC11A00CF5672 /* WTKit.framework */ = {isa = PBXFileReference; explicitFileType = wrapper.framework; includeInIndex = 0; path = WTKit.framework; sourceTree = BUILT_PRODUCTS_DIR; };
		E1D21AF61DE04D6D0011F302 /* WTKitTests.xctest */ = {isa = PBXFileReference; explicitFileType = wrapper.cfbundle; includeInIndex = 0; path = WTKitTests.xctest; sourceTree = BUILT_PRODUCTS_DIR; };
		E1D21AF81DE04D6D0011F302 /* WTKitTests.swift */ = {isa = PBXFileReference; lastKnownFileType = sourcecode.swift; path = WTKitTests.swift; sourceTree = "<group>"; };
		E1D21AFA1DE04D6D0011F302 /* Info.plist */ = {isa = PBXFileReference; lastKnownFileType = text.plist.xml; path = Info.plist; sourceTree = "<group>"; };
		E1EDED021E9F4F6100DDC372 /* WTKitWatchOS.framework */ = {isa = PBXFileReference; explicitFileType = wrapper.framework; includeInIndex = 0; path = WTKitWatchOS.framework; sourceTree = BUILT_PRODUCTS_DIR; };
		E1EDED041E9F4F6100DDC372 /* WTKitWatchOS.h */ = {isa = PBXFileReference; lastKnownFileType = sourcecode.c.h; path = WTKitWatchOS.h; sourceTree = "<group>"; };
		E1EDED051E9F4F6100DDC372 /* Info.plist */ = {isa = PBXFileReference; lastKnownFileType = text.plist.xml; path = Info.plist; sourceTree = "<group>"; };
		E1EDED1E1E9F4FCA00DDC372 /* WTKitMacOS.framework */ = {isa = PBXFileReference; explicitFileType = wrapper.framework; includeInIndex = 0; path = WTKitMacOS.framework; sourceTree = BUILT_PRODUCTS_DIR; };
		E1EDED201E9F4FCA00DDC372 /* WTKitMacOS.h */ = {isa = PBXFileReference; lastKnownFileType = sourcecode.c.h; path = WTKitMacOS.h; sourceTree = "<group>"; };
		E1EDED211E9F4FCA00DDC372 /* Info.plist */ = {isa = PBXFileReference; lastKnownFileType = text.plist.xml; path = Info.plist; sourceTree = "<group>"; };
		E1EDED561E9F506F00DDC372 /* WTKitTVOS.framework */ = {isa = PBXFileReference; explicitFileType = wrapper.framework; includeInIndex = 0; path = WTKitTVOS.framework; sourceTree = BUILT_PRODUCTS_DIR; };
		E1EDED581E9F506F00DDC372 /* WTKitTVOS.h */ = {isa = PBXFileReference; lastKnownFileType = sourcecode.c.h; path = WTKitTVOS.h; sourceTree = "<group>"; };
		E1EDED591E9F506F00DDC372 /* Info.plist */ = {isa = PBXFileReference; lastKnownFileType = text.plist.xml; path = Info.plist; sourceTree = "<group>"; };
		F557203306FAD050DAFA5B26 /* Pods-WTKitWatchOS.release.xcconfig */ = {isa = PBXFileReference; includeInIndex = 1; lastKnownFileType = text.xcconfig; name = "Pods-WTKitWatchOS.release.xcconfig"; path = "Pods/Target Support Files/Pods-WTKitWatchOS/Pods-WTKitWatchOS.release.xcconfig"; sourceTree = "<group>"; };
/* End PBXFileReference section */

/* Begin PBXFrameworksBuildPhase section */
		E17BDA171DDDC11A00CF5672 /* Frameworks */ = {
			isa = PBXFrameworksBuildPhase;
			buildActionMask = 2147483647;
			files = (
				ED224644CE3F0AA417FFAC42 /* Pods_WTKit.framework in Frameworks */,
			);
			runOnlyForDeploymentPostprocessing = 0;
		};
		E1D21AF31DE04D6D0011F302 /* Frameworks */ = {
			isa = PBXFrameworksBuildPhase;
			buildActionMask = 2147483647;
			files = (
				E1D21AFB1DE04D6D0011F302 /* WTKit.framework in Frameworks */,
				E65A1C35F3C88AB7BFC0F878 /* Pods_WTKitTests.framework in Frameworks */,
			);
			runOnlyForDeploymentPostprocessing = 0;
		};
		E1EDECFE1E9F4F6100DDC372 /* Frameworks */ = {
			isa = PBXFrameworksBuildPhase;
			buildActionMask = 2147483647;
			files = (
				643E21DFFB6979810D49814C /* Pods_WTKitWatchOS.framework in Frameworks */,
			);
			runOnlyForDeploymentPostprocessing = 0;
		};
		E1EDED1A1E9F4FCA00DDC372 /* Frameworks */ = {
			isa = PBXFrameworksBuildPhase;
			buildActionMask = 2147483647;
			files = (
				6D9E84B800B8C8C0CD235EED /* Pods_WTKitMacOS.framework in Frameworks */,
			);
			runOnlyForDeploymentPostprocessing = 0;
		};
		E1EDED521E9F506F00DDC372 /* Frameworks */ = {
			isa = PBXFrameworksBuildPhase;
			buildActionMask = 2147483647;
			files = (
				1420D04763DB4543F474A530 /* Pods_WTKitTVOS.framework in Frameworks */,
			);
			runOnlyForDeploymentPostprocessing = 0;
		};
/* End PBXFrameworksBuildPhase section */

/* Begin PBXGroup section */
		7731D5F220AAADAF003AB76B /* Networking */ = {
			isa = PBXGroup;
			children = (
				778A5F75206B337D00A0597C /* WTNetWork.swift */,
				778A5F71206B337C00A0597C /* WTURLSessionTask.swift */,
				778A5F6F206B337C00A0597C /* WTURLSessionManager.swift */,
			);
			path = Networking;
			sourceTree = "<group>";
		};
		778A5F33206B32F100A0597C /* Source */ = {
			isa = PBXGroup;
			children = (
				778A5F66206B337C00A0597C /* WTKit.h */,
				7731D5F220AAADAF003AB76B /* Networking */,
				778A5F6C206B337C00A0597C /* Algorithm.swift */,
				778A5F68206B337C00A0597C /* Chart.swift */,
				778A5F67206B337C00A0597C /* CustomExtension.swift */,
				778A5F76206B337D00A0597C /* DispatchExtension.swift */,
				778A5F6D206B337C00A0597C /* FoundationExtension.swift */,
				778A5F74206B337D00A0597C /* Hud.swift */,
				778A5F6B206B337C00A0597C /* UIKitExtension.swift */,
				778A5F73206B337C00A0597C /* WTImagePickerController.swift */,
				778A5F77206B337D00A0597C /* WTImagePickerControllerDelegate.swift */,
				778A5F69206B337C00A0597C /* WTModelMaker.swift */,
				778A5F6A206B337C00A0597C /* WTReachability.swift */,
				778A5F70206B337C00A0597C /* WTVersionTracking.swift */,
				778A5F72206B337C00A0597C /* WTWebImage.swift */,
				778A5F6E206B337C00A0597C /* WTWebSocket.swift */,
				771E7CCE20A2CD8000E06169 /* RefreshHeaderView.xib */,
				7731D5FB20AAB1EB003AB76B /* Dictionary.swift */,
				77E0D4DC20DDE0A6002B614E /* Array.swift */,
			);
			path = Source;
			sourceTree = "<group>";
		};
		778A5F58206B330400A0597C /* WTKit */ = {
			isa = PBXGroup;
			children = (
				778A5F61206B333600A0597C /* arrow.png */,
				778A5F62206B333600A0597C /* Info.plist */,
			);
			path = WTKit;
			sourceTree = "<group>";
		};
		77A39E662088331600D3F866 /* Frameworks */ = {
			isa = PBXGroup;
			children = (
				E1552EE6543549D13BD5A6F2 /* Pods_WTKit.framework */,
				AD46A7602C141C524052CC4D /* Pods_WTKitMacOS.framework */,
				32B526AF584593F70158F0B1 /* Pods_WTKitTVOS.framework */,
				B2BDCA271B8912ACA8860D9C /* Pods_WTKitTests.framework */,
				47DD73B7304B07B48AA21F97 /* Pods_WTKitWatchOS.framework */,
			);
			name = Frameworks;
			sourceTree = "<group>";
		};
		E17BDA111DDDC11A00CF5672 = {
			isa = PBXGroup;
			children = (
				778A5F58206B330400A0597C /* WTKit */,
				778A5F33206B32F100A0597C /* Source */,
				E1D21AF71DE04D6D0011F302 /* WTKitTests */,
				E1EDED031E9F4F6100DDC372 /* WTKitWatchOS */,
				E1EDED1F1E9F4FCA00DDC372 /* WTKitMacOS */,
				E1EDED571E9F506F00DDC372 /* WTKitTVOS */,
				E17BDA1C1DDDC11A00CF5672 /* Products */,
				77A39E662088331600D3F866 /* Frameworks */,
				E301AA7641E678D20A703EC9 /* Pods */,
			);
			sourceTree = "<group>";
		};
		E17BDA1C1DDDC11A00CF5672 /* Products */ = {
			isa = PBXGroup;
			children = (
				E17BDA1B1DDDC11A00CF5672 /* WTKit.framework */,
				E1D21AF61DE04D6D0011F302 /* WTKitTests.xctest */,
				E1EDED021E9F4F6100DDC372 /* WTKitWatchOS.framework */,
				E1EDED1E1E9F4FCA00DDC372 /* WTKitMacOS.framework */,
				E1EDED561E9F506F00DDC372 /* WTKitTVOS.framework */,
			);
			name = Products;
			sourceTree = "<group>";
		};
		E1D21AF71DE04D6D0011F302 /* WTKitTests */ = {
			isa = PBXGroup;
			children = (
				E1D21AFA1DE04D6D0011F302 /* Info.plist */,
				E1D21AF81DE04D6D0011F302 /* WTKitTests.swift */,
			);
			path = WTKitTests;
			sourceTree = "<group>";
		};
		E1EDED031E9F4F6100DDC372 /* WTKitWatchOS */ = {
			isa = PBXGroup;
			children = (
				E1EDED041E9F4F6100DDC372 /* WTKitWatchOS.h */,
				E1EDED051E9F4F6100DDC372 /* Info.plist */,
			);
			path = WTKitWatchOS;
			sourceTree = "<group>";
		};
		E1EDED1F1E9F4FCA00DDC372 /* WTKitMacOS */ = {
			isa = PBXGroup;
			children = (
				E1EDED201E9F4FCA00DDC372 /* WTKitMacOS.h */,
				E1EDED211E9F4FCA00DDC372 /* Info.plist */,
			);
			path = WTKitMacOS;
			sourceTree = "<group>";
		};
		E1EDED571E9F506F00DDC372 /* WTKitTVOS */ = {
			isa = PBXGroup;
			children = (
				E1EDED581E9F506F00DDC372 /* WTKitTVOS.h */,
				E1EDED591E9F506F00DDC372 /* Info.plist */,
			);
			path = WTKitTVOS;
			sourceTree = "<group>";
		};
		E301AA7641E678D20A703EC9 /* Pods */ = {
			isa = PBXGroup;
			children = (
				77A80766381DAFD146956F3C /* Pods-WTKit.debug.xcconfig */,
				D6D458DA61DA460C595DE637 /* Pods-WTKit.release.xcconfig */,
				D01D0863E9151C3C3141369B /* Pods-WTKitMacOS.debug.xcconfig */,
				B56D8DF60E8B0300DF744ABC /* Pods-WTKitMacOS.release.xcconfig */,
				7E771F3E8099EE6B10314798 /* Pods-WTKitTVOS.debug.xcconfig */,
				97D29A9ECCA33145BD915CB7 /* Pods-WTKitTVOS.release.xcconfig */,
				120C9DD7A5B5A076CA8A1C06 /* Pods-WTKitTests.debug.xcconfig */,
				D9E20C9C2CD7B3E96C486EC5 /* Pods-WTKitTests.release.xcconfig */,
				B1522D7BFCF8DE1B3B768069 /* Pods-WTKitWatchOS.debug.xcconfig */,
				F557203306FAD050DAFA5B26 /* Pods-WTKitWatchOS.release.xcconfig */,
			);
			name = Pods;
			sourceTree = "<group>";
		};
/* End PBXGroup section */

/* Begin PBXHeadersBuildPhase section */
		E17BDA181DDDC11A00CF5672 /* Headers */ = {
			isa = PBXHeadersBuildPhase;
			buildActionMask = 2147483647;
			files = (
				778A5F78206B337D00A0597C /* WTKit.h in Headers */,
			);
			runOnlyForDeploymentPostprocessing = 0;
		};
		E1EDECFF1E9F4F6100DDC372 /* Headers */ = {
			isa = PBXHeadersBuildPhase;
			buildActionMask = 2147483647;
			files = (
				E1EDED061E9F4F6100DDC372 /* WTKitWatchOS.h in Headers */,
			);
			runOnlyForDeploymentPostprocessing = 0;
		};
		E1EDED1B1E9F4FCA00DDC372 /* Headers */ = {
			isa = PBXHeadersBuildPhase;
			buildActionMask = 2147483647;
			files = (
				E1EDED221E9F4FCA00DDC372 /* WTKitMacOS.h in Headers */,
			);
			runOnlyForDeploymentPostprocessing = 0;
		};
		E1EDED531E9F506F00DDC372 /* Headers */ = {
			isa = PBXHeadersBuildPhase;
			buildActionMask = 2147483647;
			files = (
				E1EDED5A1E9F506F00DDC372 /* WTKitTVOS.h in Headers */,
			);
			runOnlyForDeploymentPostprocessing = 0;
		};
/* End PBXHeadersBuildPhase section */

/* Begin PBXNativeTarget section */
		E17BDA1A1DDDC11A00CF5672 /* WTKit */ = {
			isa = PBXNativeTarget;
			buildConfigurationList = E17BDA231DDDC11A00CF5672 /* Build configuration list for PBXNativeTarget "WTKit" */;
			buildPhases = (
				0F4BE05DD1937E797C7B4596 /* [CP] Check Pods Manifest.lock */,
				E17BDA161DDDC11A00CF5672 /* Sources */,
				E17BDA171DDDC11A00CF5672 /* Frameworks */,
				E17BDA181DDDC11A00CF5672 /* Headers */,
				E17BDA191DDDC11A00CF5672 /* Resources */,
			);
			buildRules = (
			);
			dependencies = (
			);
			name = WTKit;
			productName = WTKit;
			productReference = E17BDA1B1DDDC11A00CF5672 /* WTKit.framework */;
			productType = "com.apple.product-type.framework";
		};
		E1D21AF51DE04D6D0011F302 /* WTKitTests */ = {
			isa = PBXNativeTarget;
			buildConfigurationList = E1D21B001DE04D6D0011F302 /* Build configuration list for PBXNativeTarget "WTKitTests" */;
			buildPhases = (
				056ECDF12C170E5D94721EF3 /* [CP] Check Pods Manifest.lock */,
				E1D21AF21DE04D6D0011F302 /* Sources */,
				E1D21AF31DE04D6D0011F302 /* Frameworks */,
				E1D21AF41DE04D6D0011F302 /* Resources */,
				EBDAF2D5F8BA6542988AB32B /* [CP] Embed Pods Frameworks */,
			);
			buildRules = (
			);
			dependencies = (
				E1D21AFD1DE04D6D0011F302 /* PBXTargetDependency */,
			);
			name = WTKitTests;
			productName = WTKitTests;
			productReference = E1D21AF61DE04D6D0011F302 /* WTKitTests.xctest */;
			productType = "com.apple.product-type.bundle.unit-test";
		};
		E1EDED011E9F4F6100DDC372 /* WTKitWatchOS */ = {
			isa = PBXNativeTarget;
			buildConfigurationList = E1EDED071E9F4F6100DDC372 /* Build configuration list for PBXNativeTarget "WTKitWatchOS" */;
			buildPhases = (
				4A20C652E365636FD8B3F4D8 /* [CP] Check Pods Manifest.lock */,
				E1EDECFD1E9F4F6100DDC372 /* Sources */,
				E1EDECFE1E9F4F6100DDC372 /* Frameworks */,
				E1EDECFF1E9F4F6100DDC372 /* Headers */,
				E1EDED001E9F4F6100DDC372 /* Resources */,
			);
			buildRules = (
			);
			dependencies = (
			);
			name = WTKitWatchOS;
			productName = WTKitWatchOS;
			productReference = E1EDED021E9F4F6100DDC372 /* WTKitWatchOS.framework */;
			productType = "com.apple.product-type.framework";
		};
		E1EDED1D1E9F4FCA00DDC372 /* WTKitMacOS */ = {
			isa = PBXNativeTarget;
			buildConfigurationList = E1EDED231E9F4FCA00DDC372 /* Build configuration list for PBXNativeTarget "WTKitMacOS" */;
			buildPhases = (
				881820AB8257EE8F49008256 /* [CP] Check Pods Manifest.lock */,
				E1EDED191E9F4FCA00DDC372 /* Sources */,
				E1EDED1A1E9F4FCA00DDC372 /* Frameworks */,
				E1EDED1B1E9F4FCA00DDC372 /* Headers */,
				E1EDED1C1E9F4FCA00DDC372 /* Resources */,
			);
			buildRules = (
			);
			dependencies = (
			);
			name = WTKitMacOS;
			productName = WTKitMacOS;
			productReference = E1EDED1E1E9F4FCA00DDC372 /* WTKitMacOS.framework */;
			productType = "com.apple.product-type.framework";
		};
		E1EDED551E9F506F00DDC372 /* WTKitTVOS */ = {
			isa = PBXNativeTarget;
			buildConfigurationList = E1EDED5B1E9F506F00DDC372 /* Build configuration list for PBXNativeTarget "WTKitTVOS" */;
			buildPhases = (
				F8133E3CA87801619257A4B0 /* [CP] Check Pods Manifest.lock */,
				E1EDED511E9F506F00DDC372 /* Sources */,
				E1EDED521E9F506F00DDC372 /* Frameworks */,
				E1EDED531E9F506F00DDC372 /* Headers */,
				E1EDED541E9F506F00DDC372 /* Resources */,
			);
			buildRules = (
			);
			dependencies = (
			);
			name = WTKitTVOS;
			productName = WTKitTVOS;
			productReference = E1EDED561E9F506F00DDC372 /* WTKitTVOS.framework */;
			productType = "com.apple.product-type.framework";
		};
/* End PBXNativeTarget section */

/* Begin PBXProject section */
		E17BDA121DDDC11A00CF5672 /* Project object */ = {
			isa = PBXProject;
			attributes = {
				LastSwiftUpdateCheck = 0810;
				LastUpgradeCheck = 0930;
				ORGANIZATIONNAME = songwentong;
				TargetAttributes = {
					E17BDA1A1DDDC11A00CF5672 = {
						CreatedOnToolsVersion = 8.1;
						DevelopmentTeam = QZFW9RQ778;
						LastSwiftMigration = 0920;
						ProvisioningStyle = Automatic;
					};
					E1D21AF51DE04D6D0011F302 = {
						CreatedOnToolsVersion = 8.1;
						DevelopmentTeam = QZFW9RQ778;
						ProvisioningStyle = Automatic;
					};
					E1EDED011E9F4F6100DDC372 = {
						CreatedOnToolsVersion = 8.3.1;
						DevelopmentTeam = QZFW9RQ778;
						ProvisioningStyle = Automatic;
					};
					E1EDED1D1E9F4FCA00DDC372 = {
						CreatedOnToolsVersion = 8.3.1;
						DevelopmentTeam = QZFW9RQ778;
						LastSwiftMigration = 0920;
						ProvisioningStyle = Automatic;
					};
					E1EDED551E9F506F00DDC372 = {
						CreatedOnToolsVersion = 8.3.1;
						DevelopmentTeam = QZFW9RQ778;
						ProvisioningStyle = Automatic;
					};
				};
			};
			buildConfigurationList = E17BDA151DDDC11A00CF5672 /* Build configuration list for PBXProject "WTKit" */;
			compatibilityVersion = "Xcode 3.2";
			developmentRegion = English;
			hasScannedForEncodings = 0;
			knownRegions = (
				en,
				Base,
			);
			mainGroup = E17BDA111DDDC11A00CF5672;
			productRefGroup = E17BDA1C1DDDC11A00CF5672 /* Products */;
			projectDirPath = "";
			projectRoot = "";
			targets = (
				E17BDA1A1DDDC11A00CF5672 /* WTKit */,
				E1D21AF51DE04D6D0011F302 /* WTKitTests */,
				E1EDED011E9F4F6100DDC372 /* WTKitWatchOS */,
				E1EDED1D1E9F4FCA00DDC372 /* WTKitMacOS */,
				E1EDED551E9F506F00DDC372 /* WTKitTVOS */,
			);
		};
/* End PBXProject section */

/* Begin PBXResourcesBuildPhase section */
		E17BDA191DDDC11A00CF5672 /* Resources */ = {
			isa = PBXResourcesBuildPhase;
			buildActionMask = 2147483647;
			files = (
				778A5F63206B333600A0597C /* arrow.png in Resources */,
				771E7CCF20A2CD8000E06169 /* RefreshHeaderView.xib in Resources */,
			);
			runOnlyForDeploymentPostprocessing = 0;
		};
		E1D21AF41DE04D6D0011F302 /* Resources */ = {
			isa = PBXResourcesBuildPhase;
			buildActionMask = 2147483647;
			files = (
			);
			runOnlyForDeploymentPostprocessing = 0;
		};
		E1EDED001E9F4F6100DDC372 /* Resources */ = {
			isa = PBXResourcesBuildPhase;
			buildActionMask = 2147483647;
			files = (
			);
			runOnlyForDeploymentPostprocessing = 0;
		};
		E1EDED1C1E9F4FCA00DDC372 /* Resources */ = {
			isa = PBXResourcesBuildPhase;
			buildActionMask = 2147483647;
			files = (
			);
			runOnlyForDeploymentPostprocessing = 0;
		};
		E1EDED541E9F506F00DDC372 /* Resources */ = {
			isa = PBXResourcesBuildPhase;
			buildActionMask = 2147483647;
			files = (
			);
			runOnlyForDeploymentPostprocessing = 0;
		};
/* End PBXResourcesBuildPhase section */

/* Begin PBXShellScriptBuildPhase section */
		056ECDF12C170E5D94721EF3 /* [CP] Check Pods Manifest.lock */ = {
			isa = PBXShellScriptBuildPhase;
			buildActionMask = 2147483647;
			files = (
			);
			inputPaths = (
				"${PODS_PODFILE_DIR_PATH}/Podfile.lock",
				"${PODS_ROOT}/Manifest.lock",
			);
			name = "[CP] Check Pods Manifest.lock";
			outputPaths = (
				"$(DERIVED_FILE_DIR)/Pods-WTKitTests-checkManifestLockResult.txt",
			);
			runOnlyForDeploymentPostprocessing = 0;
			shellPath = /bin/sh;
			shellScript = "diff \"${PODS_PODFILE_DIR_PATH}/Podfile.lock\" \"${PODS_ROOT}/Manifest.lock\" > /dev/null\nif [ $? != 0 ] ; then\n    # print error to STDERR\n    echo \"error: The sandbox is not in sync with the Podfile.lock. Run 'pod install' or update your CocoaPods installation.\" >&2\n    exit 1\nfi\n# This output is used by Xcode 'outputs' to avoid re-running this script phase.\necho \"SUCCESS\" > \"${SCRIPT_OUTPUT_FILE_0}\"\n";
			showEnvVarsInLog = 0;
		};
		0F4BE05DD1937E797C7B4596 /* [CP] Check Pods Manifest.lock */ = {
			isa = PBXShellScriptBuildPhase;
			buildActionMask = 2147483647;
			files = (
			);
			inputPaths = (
				"${PODS_PODFILE_DIR_PATH}/Podfile.lock",
				"${PODS_ROOT}/Manifest.lock",
			);
			name = "[CP] Check Pods Manifest.lock";
			outputPaths = (
				"$(DERIVED_FILE_DIR)/Pods-WTKit-checkManifestLockResult.txt",
			);
			runOnlyForDeploymentPostprocessing = 0;
			shellPath = /bin/sh;
			shellScript = "diff \"${PODS_PODFILE_DIR_PATH}/Podfile.lock\" \"${PODS_ROOT}/Manifest.lock\" > /dev/null\nif [ $? != 0 ] ; then\n    # print error to STDERR\n    echo \"error: The sandbox is not in sync with the Podfile.lock. Run 'pod install' or update your CocoaPods installation.\" >&2\n    exit 1\nfi\n# This output is used by Xcode 'outputs' to avoid re-running this script phase.\necho \"SUCCESS\" > \"${SCRIPT_OUTPUT_FILE_0}\"\n";
			showEnvVarsInLog = 0;
		};
		4A20C652E365636FD8B3F4D8 /* [CP] Check Pods Manifest.lock */ = {
			isa = PBXShellScriptBuildPhase;
			buildActionMask = 2147483647;
			files = (
			);
			inputPaths = (
				"${PODS_PODFILE_DIR_PATH}/Podfile.lock",
				"${PODS_ROOT}/Manifest.lock",
			);
			name = "[CP] Check Pods Manifest.lock";
			outputPaths = (
				"$(DERIVED_FILE_DIR)/Pods-WTKitWatchOS-checkManifestLockResult.txt",
			);
			runOnlyForDeploymentPostprocessing = 0;
			shellPath = /bin/sh;
			shellScript = "diff \"${PODS_PODFILE_DIR_PATH}/Podfile.lock\" \"${PODS_ROOT}/Manifest.lock\" > /dev/null\nif [ $? != 0 ] ; then\n    # print error to STDERR\n    echo \"error: The sandbox is not in sync with the Podfile.lock. Run 'pod install' or update your CocoaPods installation.\" >&2\n    exit 1\nfi\n# This output is used by Xcode 'outputs' to avoid re-running this script phase.\necho \"SUCCESS\" > \"${SCRIPT_OUTPUT_FILE_0}\"\n";
			showEnvVarsInLog = 0;
		};
		881820AB8257EE8F49008256 /* [CP] Check Pods Manifest.lock */ = {
			isa = PBXShellScriptBuildPhase;
			buildActionMask = 2147483647;
			files = (
			);
			inputPaths = (
				"${PODS_PODFILE_DIR_PATH}/Podfile.lock",
				"${PODS_ROOT}/Manifest.lock",
			);
			name = "[CP] Check Pods Manifest.lock";
			outputPaths = (
				"$(DERIVED_FILE_DIR)/Pods-WTKitMacOS-checkManifestLockResult.txt",
			);
			runOnlyForDeploymentPostprocessing = 0;
			shellPath = /bin/sh;
			shellScript = "diff \"${PODS_PODFILE_DIR_PATH}/Podfile.lock\" \"${PODS_ROOT}/Manifest.lock\" > /dev/null\nif [ $? != 0 ] ; then\n    # print error to STDERR\n    echo \"error: The sandbox is not in sync with the Podfile.lock. Run 'pod install' or update your CocoaPods installation.\" >&2\n    exit 1\nfi\n# This output is used by Xcode 'outputs' to avoid re-running this script phase.\necho \"SUCCESS\" > \"${SCRIPT_OUTPUT_FILE_0}\"\n";
			showEnvVarsInLog = 0;
		};
		EBDAF2D5F8BA6542988AB32B /* [CP] Embed Pods Frameworks */ = {
			isa = PBXShellScriptBuildPhase;
			buildActionMask = 2147483647;
			files = (
			);
			inputPaths = (
				"${SRCROOT}/Pods/Target Support Files/Pods-WTKitTests/Pods-WTKitTests-frameworks.sh",
				"${BUILT_PRODUCTS_DIR}/Alamofire/Alamofire.framework",
			);
			name = "[CP] Embed Pods Frameworks";
			outputPaths = (
				"${TARGET_BUILD_DIR}/${FRAMEWORKS_FOLDER_PATH}/Alamofire.framework",
			);
			runOnlyForDeploymentPostprocessing = 0;
			shellPath = /bin/sh;
			shellScript = "\"${SRCROOT}/Pods/Target Support Files/Pods-WTKitTests/Pods-WTKitTests-frameworks.sh\"\n";
			showEnvVarsInLog = 0;
		};
		F8133E3CA87801619257A4B0 /* [CP] Check Pods Manifest.lock */ = {
			isa = PBXShellScriptBuildPhase;
			buildActionMask = 2147483647;
			files = (
			);
			inputPaths = (
				"${PODS_PODFILE_DIR_PATH}/Podfile.lock",
				"${PODS_ROOT}/Manifest.lock",
			);
			name = "[CP] Check Pods Manifest.lock";
			outputPaths = (
				"$(DERIVED_FILE_DIR)/Pods-WTKitTVOS-checkManifestLockResult.txt",
			);
			runOnlyForDeploymentPostprocessing = 0;
			shellPath = /bin/sh;
			shellScript = "diff \"${PODS_PODFILE_DIR_PATH}/Podfile.lock\" \"${PODS_ROOT}/Manifest.lock\" > /dev/null\nif [ $? != 0 ] ; then\n    # print error to STDERR\n    echo \"error: The sandbox is not in sync with the Podfile.lock. Run 'pod install' or update your CocoaPods installation.\" >&2\n    exit 1\nfi\n# This output is used by Xcode 'outputs' to avoid re-running this script phase.\necho \"SUCCESS\" > \"${SCRIPT_OUTPUT_FILE_0}\"\n";
			showEnvVarsInLog = 0;
		};
/* End PBXShellScriptBuildPhase section */

/* Begin PBXSourcesBuildPhase section */
		E17BDA161DDDC11A00CF5672 /* Sources */ = {
			isa = PBXSourcesBuildPhase;
			buildActionMask = 2147483647;
			files = (
				778A5F82206B337D00A0597C /* WTVersionTracking.swift in Sources */,
				778A5F7A206B337D00A0597C /* Chart.swift in Sources */,
				778A5F87206B337D00A0597C /* WTNetWork.swift in Sources */,
				778A5F81206B337D00A0597C /* WTURLSessionManager.swift in Sources */,
				778A5F86206B337D00A0597C /* Hud.swift in Sources */,
				778A5F7E206B337D00A0597C /* Algorithm.swift in Sources */,
				778A5F79206B337D00A0597C /* CustomExtension.swift in Sources */,
				7731D5FC20AAB1EB003AB76B /* Dictionary.swift in Sources */,
				778A5F89206B337D00A0597C /* WTImagePickerControllerDelegate.swift in Sources */,
				77E0D4DD20DDE0A6002B614E /* Array.swift in Sources */,
				778A5F7B206B337D00A0597C /* WTModelMaker.swift in Sources */,
				778A5F7D206B337D00A0597C /* UIKitExtension.swift in Sources */,
				778A5F85206B337D00A0597C /* WTImagePickerController.swift in Sources */,
				778A5F84206B337D00A0597C /* WTWebImage.swift in Sources */,
				778A5F83206B337D00A0597C /* WTURLSessionTask.swift in Sources */,
				778A5F7C206B337D00A0597C /* WTReachability.swift in Sources */,
				778A5F80206B337D00A0597C /* WTWebSocket.swift in Sources */,
				778A5F7F206B337D00A0597C /* FoundationExtension.swift in Sources */,
				778A5F88206B337D00A0597C /* DispatchExtension.swift in Sources */,
			);
			runOnlyForDeploymentPostprocessing = 0;
		};
		E1D21AF21DE04D6D0011F302 /* Sources */ = {
			isa = PBXSourcesBuildPhase;
			buildActionMask = 2147483647;
			files = (
				E16AE9CC1EA5C2A8009080DE /* WTKitTests.swift in Sources */,
			);
			runOnlyForDeploymentPostprocessing = 0;
		};
		E1EDECFD1E9F4F6100DDC372 /* Sources */ = {
			isa = PBXSourcesBuildPhase;
			buildActionMask = 2147483647;
			files = (
			);
			runOnlyForDeploymentPostprocessing = 0;
		};
		E1EDED191E9F4FCA00DDC372 /* Sources */ = {
			isa = PBXSourcesBuildPhase;
			buildActionMask = 2147483647;
			files = (
				778A5F91206CB81B00A0597C /* Algorithm.swift in Sources */,
				778A5F92206CB81C00A0597C /* Chart.swift in Sources */,
				778A5F93206CB81C00A0597C /* CustomExtension.swift in Sources */,
				778A5F94206CB81C00A0597C /* DispatchExtension.swift in Sources */,
				778A5F95206CB81C00A0597C /* FoundationExtension.swift in Sources */,
				778A5F96206CB81C00A0597C /* Hud.swift in Sources */,
				778A5F97206CB81C00A0597C /* UIKitExtension.swift in Sources */,
				778A5F9A206CB81C00A0597C /* WTModelMaker.swift in Sources */,
				778A5F9B206CB81C00A0597C /* WTNetWork.swift in Sources */,
				778A5F9C206CB81C00A0597C /* WTReachability.swift in Sources */,
				778A5F9D206CB81C00A0597C /* WTURLSessionManager.swift in Sources */,
				778A5F9E206CB81C00A0597C /* WTURLSessionTask.swift in Sources */,
				778A5F9F206CB81C00A0597C /* WTVersionTracking.swift in Sources */,
				778A5FA1206CB81C00A0597C /* WTWebSocket.swift in Sources */,
			);
			runOnlyForDeploymentPostprocessing = 0;
		};
		E1EDED511E9F506F00DDC372 /* Sources */ = {
			isa = PBXSourcesBuildPhase;
			buildActionMask = 2147483647;
			files = (
			);
			runOnlyForDeploymentPostprocessing = 0;
		};
/* End PBXSourcesBuildPhase section */

/* Begin PBXTargetDependency section */
		E1D21AFD1DE04D6D0011F302 /* PBXTargetDependency */ = {
			isa = PBXTargetDependency;
			target = E17BDA1A1DDDC11A00CF5672 /* WTKit */;
			targetProxy = E1D21AFC1DE04D6D0011F302 /* PBXContainerItemProxy */;
		};
/* End PBXTargetDependency section */

/* Begin XCBuildConfiguration section */
		E17BDA211DDDC11A00CF5672 /* Debug */ = {
			isa = XCBuildConfiguration;
			buildSettings = {
				ALWAYS_SEARCH_USER_PATHS = NO;
				CLANG_ANALYZER_NONNULL = YES;
				CLANG_CXX_LANGUAGE_STANDARD = "gnu++0x";
				CLANG_CXX_LIBRARY = "libc++";
				CLANG_ENABLE_MODULES = YES;
				CLANG_ENABLE_OBJC_ARC = YES;
				CLANG_WARN_BLOCK_CAPTURE_AUTORELEASING = YES;
				CLANG_WARN_BOOL_CONVERSION = YES;
				CLANG_WARN_COMMA = YES;
				CLANG_WARN_CONSTANT_CONVERSION = YES;
				CLANG_WARN_DEPRECATED_OBJC_IMPLEMENTATIONS = YES;
				CLANG_WARN_DIRECT_OBJC_ISA_USAGE = YES_ERROR;
				CLANG_WARN_DOCUMENTATION_COMMENTS = YES;
				CLANG_WARN_EMPTY_BODY = YES;
				CLANG_WARN_ENUM_CONVERSION = YES;
				CLANG_WARN_INFINITE_RECURSION = YES;
				CLANG_WARN_INT_CONVERSION = YES;
				CLANG_WARN_NON_LITERAL_NULL_CONVERSION = YES;
				CLANG_WARN_OBJC_IMPLICIT_RETAIN_SELF = YES;
				CLANG_WARN_OBJC_LITERAL_CONVERSION = YES;
				CLANG_WARN_OBJC_ROOT_CLASS = YES_ERROR;
				CLANG_WARN_RANGE_LOOP_ANALYSIS = YES;
				CLANG_WARN_STRICT_PROTOTYPES = YES;
				CLANG_WARN_SUSPICIOUS_MOVE = YES;
				CLANG_WARN_SUSPICIOUS_MOVES = YES;
				CLANG_WARN_UNREACHABLE_CODE = YES;
				CLANG_WARN__DUPLICATE_METHOD_MATCH = YES;
				"CODE_SIGN_IDENTITY[sdk=iphoneos*]" = "iPhone Developer";
				COPY_PHASE_STRIP = NO;
				CURRENT_PROJECT_VERSION = 1;
				DEBUG_INFORMATION_FORMAT = dwarf;
				ENABLE_STRICT_OBJC_MSGSEND = YES;
				ENABLE_TESTABILITY = YES;
				GCC_C_LANGUAGE_STANDARD = gnu99;
				GCC_DYNAMIC_NO_PIC = NO;
				GCC_NO_COMMON_BLOCKS = YES;
				GCC_OPTIMIZATION_LEVEL = 0;
				GCC_PREPROCESSOR_DEFINITIONS = (
					"DEBUG=1",
					"$(inherited)",
				);
				GCC_WARN_64_TO_32_BIT_CONVERSION = YES;
				GCC_WARN_ABOUT_RETURN_TYPE = YES_ERROR;
				GCC_WARN_UNDECLARED_SELECTOR = YES;
				GCC_WARN_UNINITIALIZED_AUTOS = YES_AGGRESSIVE;
				GCC_WARN_UNUSED_FUNCTION = YES;
				GCC_WARN_UNUSED_VARIABLE = YES;
				IPHONEOS_DEPLOYMENT_TARGET = 8.0;
				MTL_ENABLE_DEBUG_INFO = YES;
				ONLY_ACTIVE_ARCH = YES;
				SDKROOT = iphoneos;
				SWIFT_ACTIVE_COMPILATION_CONDITIONS = DEBUG;
				SWIFT_OPTIMIZATION_LEVEL = "-Onone";
				TARGETED_DEVICE_FAMILY = "1,2";
				VERSIONING_SYSTEM = "apple-generic";
				VERSION_INFO_PREFIX = "";
			};
			name = Debug;
		};
		E17BDA221DDDC11A00CF5672 /* Release */ = {
			isa = XCBuildConfiguration;
			buildSettings = {
				ALWAYS_SEARCH_USER_PATHS = NO;
				CLANG_ANALYZER_NONNULL = YES;
				CLANG_CXX_LANGUAGE_STANDARD = "gnu++0x";
				CLANG_CXX_LIBRARY = "libc++";
				CLANG_ENABLE_MODULES = YES;
				CLANG_ENABLE_OBJC_ARC = YES;
				CLANG_WARN_BLOCK_CAPTURE_AUTORELEASING = YES;
				CLANG_WARN_BOOL_CONVERSION = YES;
				CLANG_WARN_COMMA = YES;
				CLANG_WARN_CONSTANT_CONVERSION = YES;
				CLANG_WARN_DEPRECATED_OBJC_IMPLEMENTATIONS = YES;
				CLANG_WARN_DIRECT_OBJC_ISA_USAGE = YES_ERROR;
				CLANG_WARN_DOCUMENTATION_COMMENTS = YES;
				CLANG_WARN_EMPTY_BODY = YES;
				CLANG_WARN_ENUM_CONVERSION = YES;
				CLANG_WARN_INFINITE_RECURSION = YES;
				CLANG_WARN_INT_CONVERSION = YES;
				CLANG_WARN_NON_LITERAL_NULL_CONVERSION = YES;
				CLANG_WARN_OBJC_IMPLICIT_RETAIN_SELF = YES;
				CLANG_WARN_OBJC_LITERAL_CONVERSION = YES;
				CLANG_WARN_OBJC_ROOT_CLASS = YES_ERROR;
				CLANG_WARN_RANGE_LOOP_ANALYSIS = YES;
				CLANG_WARN_STRICT_PROTOTYPES = YES;
				CLANG_WARN_SUSPICIOUS_MOVE = YES;
				CLANG_WARN_SUSPICIOUS_MOVES = YES;
				CLANG_WARN_UNREACHABLE_CODE = YES;
				CLANG_WARN__DUPLICATE_METHOD_MATCH = YES;
				"CODE_SIGN_IDENTITY[sdk=iphoneos*]" = "iPhone Developer";
				COPY_PHASE_STRIP = NO;
				CURRENT_PROJECT_VERSION = 1;
				DEBUG_INFORMATION_FORMAT = "dwarf-with-dsym";
				ENABLE_NS_ASSERTIONS = NO;
				ENABLE_STRICT_OBJC_MSGSEND = YES;
				GCC_C_LANGUAGE_STANDARD = gnu99;
				GCC_NO_COMMON_BLOCKS = YES;
				GCC_WARN_64_TO_32_BIT_CONVERSION = YES;
				GCC_WARN_ABOUT_RETURN_TYPE = YES_ERROR;
				GCC_WARN_UNDECLARED_SELECTOR = YES;
				GCC_WARN_UNINITIALIZED_AUTOS = YES_AGGRESSIVE;
				GCC_WARN_UNUSED_FUNCTION = YES;
				GCC_WARN_UNUSED_VARIABLE = YES;
				IPHONEOS_DEPLOYMENT_TARGET = 8.0;
				MTL_ENABLE_DEBUG_INFO = NO;
				SDKROOT = iphoneos;
				SWIFT_OPTIMIZATION_LEVEL = "-Owholemodule";
				TARGETED_DEVICE_FAMILY = "1,2";
				VALIDATE_PRODUCT = YES;
				VERSIONING_SYSTEM = "apple-generic";
				VERSION_INFO_PREFIX = "";
			};
			name = Release;
		};
		E17BDA241DDDC11A00CF5672 /* Debug */ = {
			isa = XCBuildConfiguration;
			baseConfigurationReference = 77A80766381DAFD146956F3C /* Pods-WTKit.debug.xcconfig */;
			buildSettings = {
				ALWAYS_EMBED_SWIFT_STANDARD_LIBRARIES = NO;
				CLANG_ENABLE_MODULES = YES;
				CODE_SIGN_IDENTITY = "";
				DEFINES_MODULE = YES;
				DEVELOPMENT_TEAM = QZFW9RQ778;
				DYLIB_COMPATIBILITY_VERSION = 1;
				DYLIB_CURRENT_VERSION = 1;
				DYLIB_INSTALL_NAME_BASE = "@rpath";
				INFOPLIST_FILE = WTKit/Info.plist;
				INSTALL_PATH = "$(LOCAL_LIBRARY_DIR)/Frameworks";
				IPHONEOS_DEPLOYMENT_TARGET = 10.0;
				LD_RUNPATH_SEARCH_PATHS = "$(inherited) @executable_path/Frameworks @loader_path/Frameworks";
				PRODUCT_BUNDLE_IDENTIFIER = com.songwentong.WTKit;
				PRODUCT_NAME = "$(TARGET_NAME)";
				SKIP_INSTALL = YES;
				SWIFT_OPTIMIZATION_LEVEL = "-Onone";
				SWIFT_SWIFT3_OBJC_INFERENCE = Default;
				SWIFT_VERSION = 4.0;
				TARGETED_DEVICE_FAMILY = "1,2";
			};
			name = Debug;
		};
		E17BDA251DDDC11A00CF5672 /* Release */ = {
			isa = XCBuildConfiguration;
			baseConfigurationReference = D6D458DA61DA460C595DE637 /* Pods-WTKit.release.xcconfig */;
			buildSettings = {
				ALWAYS_EMBED_SWIFT_STANDARD_LIBRARIES = NO;
				CLANG_ENABLE_MODULES = YES;
				CODE_SIGN_IDENTITY = "";
				DEFINES_MODULE = YES;
				DEVELOPMENT_TEAM = QZFW9RQ778;
				DYLIB_COMPATIBILITY_VERSION = 1;
				DYLIB_CURRENT_VERSION = 1;
				DYLIB_INSTALL_NAME_BASE = "@rpath";
				INFOPLIST_FILE = WTKit/Info.plist;
				INSTALL_PATH = "$(LOCAL_LIBRARY_DIR)/Frameworks";
				IPHONEOS_DEPLOYMENT_TARGET = 10.0;
				LD_RUNPATH_SEARCH_PATHS = "$(inherited) @executable_path/Frameworks @loader_path/Frameworks";
				PRODUCT_BUNDLE_IDENTIFIER = com.songwentong.WTKit;
				PRODUCT_NAME = "$(TARGET_NAME)";
				SKIP_INSTALL = YES;
				SWIFT_SWIFT3_OBJC_INFERENCE = Default;
				SWIFT_VERSION = 4.0;
				TARGETED_DEVICE_FAMILY = "1,2";
			};
			name = Release;
		};
		E1D21AFE1DE04D6D0011F302 /* Debug */ = {
			isa = XCBuildConfiguration;
			baseConfigurationReference = 120C9DD7A5B5A076CA8A1C06 /* Pods-WTKitTests.debug.xcconfig */;
			buildSettings = {
				ALWAYS_EMBED_SWIFT_STANDARD_LIBRARIES = YES;
				DEVELOPMENT_TEAM = QZFW9RQ778;
				INFOPLIST_FILE = WTKitTests/Info.plist;
				IPHONEOS_DEPLOYMENT_TARGET = 10.1;
				LD_RUNPATH_SEARCH_PATHS = "$(inherited) @executable_path/Frameworks @loader_path/Frameworks";
				PRODUCT_BUNDLE_IDENTIFIER = com.songwentong.WTKitTests;
				PRODUCT_NAME = "$(TARGET_NAME)";
				SWIFT_VERSION = 3.0;
			};
			name = Debug;
		};
		E1D21AFF1DE04D6D0011F302 /* Release */ = {
			isa = XCBuildConfiguration;
			baseConfigurationReference = D9E20C9C2CD7B3E96C486EC5 /* Pods-WTKitTests.release.xcconfig */;
			buildSettings = {
				ALWAYS_EMBED_SWIFT_STANDARD_LIBRARIES = YES;
				DEVELOPMENT_TEAM = QZFW9RQ778;
				INFOPLIST_FILE = WTKitTests/Info.plist;
				IPHONEOS_DEPLOYMENT_TARGET = 10.1;
				LD_RUNPATH_SEARCH_PATHS = "$(inherited) @executable_path/Frameworks @loader_path/Frameworks";
				PRODUCT_BUNDLE_IDENTIFIER = com.songwentong.WTKitTests;
				PRODUCT_NAME = "$(TARGET_NAME)";
				SWIFT_VERSION = 3.0;
			};
			name = Release;
		};
		E1EDED081E9F4F6100DDC372 /* Debug */ = {
			isa = XCBuildConfiguration;
			baseConfigurationReference = B1522D7BFCF8DE1B3B768069 /* Pods-WTKitWatchOS.debug.xcconfig */;
			buildSettings = {
				APPLICATION_EXTENSION_API_ONLY = YES;
				CLANG_ANALYZER_NUMBER_OBJECT_CONVERSION = YES_AGGRESSIVE;
				CODE_SIGN_IDENTITY = "";
				DEFINES_MODULE = YES;
				DEVELOPMENT_TEAM = QZFW9RQ778;
				DYLIB_COMPATIBILITY_VERSION = 1;
				DYLIB_CURRENT_VERSION = 1;
				DYLIB_INSTALL_NAME_BASE = "@rpath";
				INFOPLIST_FILE = WTKitWatchOS/Info.plist;
				INSTALL_PATH = "$(LOCAL_LIBRARY_DIR)/Frameworks";
				LD_RUNPATH_SEARCH_PATHS = "$(inherited) @executable_path/Frameworks @loader_path/Frameworks";
				PRODUCT_BUNDLE_IDENTIFIER = com.songwentong.WTKitWatchOS;
				PRODUCT_NAME = "$(TARGET_NAME)";
				SDKROOT = watchos;
				SKIP_INSTALL = YES;
				SWIFT_VERSION = 3.0;
				TARGETED_DEVICE_FAMILY = 4;
				WATCHOS_DEPLOYMENT_TARGET = 3.2;
			};
			name = Debug;
		};
		E1EDED091E9F4F6100DDC372 /* Release */ = {
			isa = XCBuildConfiguration;
			baseConfigurationReference = F557203306FAD050DAFA5B26 /* Pods-WTKitWatchOS.release.xcconfig */;
			buildSettings = {
				APPLICATION_EXTENSION_API_ONLY = YES;
				CLANG_ANALYZER_NUMBER_OBJECT_CONVERSION = YES_AGGRESSIVE;
				CODE_SIGN_IDENTITY = "";
				DEFINES_MODULE = YES;
				DEVELOPMENT_TEAM = QZFW9RQ778;
				DYLIB_COMPATIBILITY_VERSION = 1;
				DYLIB_CURRENT_VERSION = 1;
				DYLIB_INSTALL_NAME_BASE = "@rpath";
				INFOPLIST_FILE = WTKitWatchOS/Info.plist;
				INSTALL_PATH = "$(LOCAL_LIBRARY_DIR)/Frameworks";
				LD_RUNPATH_SEARCH_PATHS = "$(inherited) @executable_path/Frameworks @loader_path/Frameworks";
				PRODUCT_BUNDLE_IDENTIFIER = com.songwentong.WTKitWatchOS;
				PRODUCT_NAME = "$(TARGET_NAME)";
				SDKROOT = watchos;
				SKIP_INSTALL = YES;
				SWIFT_VERSION = 3.0;
				TARGETED_DEVICE_FAMILY = 4;
				WATCHOS_DEPLOYMENT_TARGET = 3.2;
			};
			name = Release;
		};
		E1EDED241E9F4FCA00DDC372 /* Debug */ = {
			isa = XCBuildConfiguration;
			baseConfigurationReference = D01D0863E9151C3C3141369B /* Pods-WTKitMacOS.debug.xcconfig */;
			buildSettings = {
				CLANG_ANALYZER_NUMBER_OBJECT_CONVERSION = YES_AGGRESSIVE;
				CODE_SIGN_IDENTITY = "-";
				COMBINE_HIDPI_IMAGES = YES;
				DEFINES_MODULE = YES;
				DEVELOPMENT_TEAM = QZFW9RQ778;
				DYLIB_COMPATIBILITY_VERSION = 1;
				DYLIB_CURRENT_VERSION = 1;
				DYLIB_INSTALL_NAME_BASE = "@rpath";
				FRAMEWORK_VERSION = A;
				INFOPLIST_FILE = WTKitMacOS/Info.plist;
				INSTALL_PATH = "$(LOCAL_LIBRARY_DIR)/Frameworks";
				LD_RUNPATH_SEARCH_PATHS = "$(inherited) @executable_path/../Frameworks @loader_path/Frameworks";
				MACOSX_DEPLOYMENT_TARGET = 10.10;
				PRODUCT_BUNDLE_IDENTIFIER = com.songwentong.WTKitMacOS;
				PRODUCT_NAME = "$(TARGET_NAME)";
				SDKROOT = macosx;
				SKIP_INSTALL = YES;
				SWIFT_SWIFT3_OBJC_INFERENCE = Default;
				SWIFT_VERSION = 4.0;
			};
			name = Debug;
		};
		E1EDED251E9F4FCA00DDC372 /* Release */ = {
			isa = XCBuildConfiguration;
			baseConfigurationReference = B56D8DF60E8B0300DF744ABC /* Pods-WTKitMacOS.release.xcconfig */;
			buildSettings = {
				CLANG_ANALYZER_NUMBER_OBJECT_CONVERSION = YES_AGGRESSIVE;
				CODE_SIGN_IDENTITY = "-";
				COMBINE_HIDPI_IMAGES = YES;
				DEFINES_MODULE = YES;
				DEVELOPMENT_TEAM = QZFW9RQ778;
				DYLIB_COMPATIBILITY_VERSION = 1;
				DYLIB_CURRENT_VERSION = 1;
				DYLIB_INSTALL_NAME_BASE = "@rpath";
				FRAMEWORK_VERSION = A;
				INFOPLIST_FILE = WTKitMacOS/Info.plist;
				INSTALL_PATH = "$(LOCAL_LIBRARY_DIR)/Frameworks";
				LD_RUNPATH_SEARCH_PATHS = "$(inherited) @executable_path/../Frameworks @loader_path/Frameworks";
				MACOSX_DEPLOYMENT_TARGET = 10.10;
				PRODUCT_BUNDLE_IDENTIFIER = com.songwentong.WTKitMacOS;
				PRODUCT_NAME = "$(TARGET_NAME)";
				SDKROOT = macosx;
				SKIP_INSTALL = YES;
				SWIFT_SWIFT3_OBJC_INFERENCE = Default;
				SWIFT_VERSION = 4.0;
			};
			name = Release;
		};
		E1EDED5C1E9F506F00DDC372 /* Debug */ = {
			isa = XCBuildConfiguration;
			baseConfigurationReference = 7E771F3E8099EE6B10314798 /* Pods-WTKitTVOS.debug.xcconfig */;
			buildSettings = {
				CLANG_ANALYZER_NUMBER_OBJECT_CONVERSION = YES_AGGRESSIVE;
				CODE_SIGN_IDENTITY = "";
				DEFINES_MODULE = YES;
				DEVELOPMENT_TEAM = QZFW9RQ778;
				DYLIB_COMPATIBILITY_VERSION = 1;
				DYLIB_CURRENT_VERSION = 1;
				DYLIB_INSTALL_NAME_BASE = "@rpath";
				INFOPLIST_FILE = WTKitTVOS/Info.plist;
				INSTALL_PATH = "$(LOCAL_LIBRARY_DIR)/Frameworks";
				LD_RUNPATH_SEARCH_PATHS = "$(inherited) @executable_path/Frameworks @loader_path/Frameworks";
				PRODUCT_BUNDLE_IDENTIFIER = com.songwentong.WTKitTVOS;
				PRODUCT_NAME = "$(TARGET_NAME)";
				SDKROOT = appletvos;
				SKIP_INSTALL = YES;
				SWIFT_VERSION = 3.0;
				TARGETED_DEVICE_FAMILY = 3;
				TVOS_DEPLOYMENT_TARGET = 10.2;
			};
			name = Debug;
		};
		E1EDED5D1E9F506F00DDC372 /* Release */ = {
			isa = XCBuildConfiguration;
			baseConfigurationReference = 97D29A9ECCA33145BD915CB7 /* Pods-WTKitTVOS.release.xcconfig */;
			buildSettings = {
				CLANG_ANALYZER_NUMBER_OBJECT_CONVERSION = YES_AGGRESSIVE;
				CODE_SIGN_IDENTITY = "";
				DEFINES_MODULE = YES;
				DEVELOPMENT_TEAM = QZFW9RQ778;
				DYLIB_COMPATIBILITY_VERSION = 1;
				DYLIB_CURRENT_VERSION = 1;
				DYLIB_INSTALL_NAME_BASE = "@rpath";
				INFOPLIST_FILE = WTKitTVOS/Info.plist;
				INSTALL_PATH = "$(LOCAL_LIBRARY_DIR)/Frameworks";
				LD_RUNPATH_SEARCH_PATHS = "$(inherited) @executable_path/Frameworks @loader_path/Frameworks";
				PRODUCT_BUNDLE_IDENTIFIER = com.songwentong.WTKitTVOS;
				PRODUCT_NAME = "$(TARGET_NAME)";
				SDKROOT = appletvos;
				SKIP_INSTALL = YES;
				SWIFT_VERSION = 3.0;
				TARGETED_DEVICE_FAMILY = 3;
				TVOS_DEPLOYMENT_TARGET = 10.2;
			};
			name = Release;
		};
/* End XCBuildConfiguration section */

/* Begin XCConfigurationList section */
		E17BDA151DDDC11A00CF5672 /* Build configuration list for PBXProject "WTKit" */ = {
			isa = XCConfigurationList;
			buildConfigurations = (
				E17BDA211DDDC11A00CF5672 /* Debug */,
				E17BDA221DDDC11A00CF5672 /* Release */,
			);
			defaultConfigurationIsVisible = 0;
			defaultConfigurationName = Release;
		};
		E17BDA231DDDC11A00CF5672 /* Build configuration list for PBXNativeTarget "WTKit" */ = {
			isa = XCConfigurationList;
			buildConfigurations = (
				E17BDA241DDDC11A00CF5672 /* Debug */,
				E17BDA251DDDC11A00CF5672 /* Release */,
			);
			defaultConfigurationIsVisible = 0;
			defaultConfigurationName = Release;
		};
		E1D21B001DE04D6D0011F302 /* Build configuration list for PBXNativeTarget "WTKitTests" */ = {
			isa = XCConfigurationList;
			buildConfigurations = (
				E1D21AFE1DE04D6D0011F302 /* Debug */,
				E1D21AFF1DE04D6D0011F302 /* Release */,
			);
			defaultConfigurationIsVisible = 0;
			defaultConfigurationName = Release;
		};
		E1EDED071E9F4F6100DDC372 /* Build configuration list for PBXNativeTarget "WTKitWatchOS" */ = {
			isa = XCConfigurationList;
			buildConfigurations = (
				E1EDED081E9F4F6100DDC372 /* Debug */,
				E1EDED091E9F4F6100DDC372 /* Release */,
			);
			defaultConfigurationIsVisible = 0;
			defaultConfigurationName = Release;
		};
		E1EDED231E9F4FCA00DDC372 /* Build configuration list for PBXNativeTarget "WTKitMacOS" */ = {
			isa = XCConfigurationList;
			buildConfigurations = (
				E1EDED241E9F4FCA00DDC372 /* Debug */,
				E1EDED251E9F4FCA00DDC372 /* Release */,
			);
			defaultConfigurationIsVisible = 0;
			defaultConfigurationName = Release;
		};
		E1EDED5B1E9F506F00DDC372 /* Build configuration list for PBXNativeTarget "WTKitTVOS" */ = {
			isa = XCConfigurationList;
			buildConfigurations = (
				E1EDED5C1E9F506F00DDC372 /* Debug */,
				E1EDED5D1E9F506F00DDC372 /* Release */,
			);
			defaultConfigurationIsVisible = 0;
			defaultConfigurationName = Release;
		};
/* End XCConfigurationList section */
	};
	rootObject = E17BDA121DDDC11A00CF5672 /* Project object */;
}
