// !$*UTF8*$!
{
	archiveVersion = 1;
	classes = {
	};
	objectVersion = 46;
	objects = {

/* Begin PBXBuildFile section */
		9BF8E75D1E7A8465009F548A /* Hud.swift in Sources */ = {isa = PBXBuildFile; fileRef = 9BF8E75C1E7A8465009F548A /* Hud.swift */; };
		E11582A61E9C71410018E839 /* arrow.png in Resources */ = {isa = PBXBuildFile; fileRef = E11582A51E9C71410018E839 /* arrow.png */; };
		E11797611E9B271D001257AB /* WTVersionTracking.swift in Sources */ = {isa = PBXBuildFile; fileRef = E11797601E9B271D001257AB /* WTVersionTracking.swift */; };
		E15CD2851E95EBD80042CBE1 /* Chart.swift in Sources */ = {isa = PBXBuildFile; fileRef = E15CD2841E95EBD80042CBE1 /* Chart.swift */; };
		E16AE9CC1EA5C2A8009080DE /* WTKitTests.swift in Sources */ = {isa = PBXBuildFile; fileRef = E1D21AF81DE04D6D0011F302 /* WTKitTests.swift */; };
		E17BDA201DDDC11A00CF5672 /* WTKit.h in Headers */ = {isa = PBXBuildFile; fileRef = E17BDA1E1DDDC11A00CF5672 /* WTKit.h */; settings = {ATTRIBUTES = (Public, ); }; };
		E17BDA2A1DDDC12500CF5672 /* AnimationImageVIew.swift in Sources */ = {isa = PBXBuildFile; fileRef = E17BDA261DDDC12500CF5672 /* AnimationImageVIew.swift */; };
		E17BDA2B1DDDC12500CF5672 /* CustomExtension.swift in Sources */ = {isa = PBXBuildFile; fileRef = E17BDA271DDDC12500CF5672 /* CustomExtension.swift */; };
		E17BDA2C1DDDC12500CF5672 /* FoundationExtension.swift in Sources */ = {isa = PBXBuildFile; fileRef = E17BDA281DDDC12500CF5672 /* FoundationExtension.swift */; };
		E17BDA2D1DDDC12500CF5672 /* UIKitExtension.swift in Sources */ = {isa = PBXBuildFile; fileRef = E17BDA291DDDC12500CF5672 /* UIKitExtension.swift */; };
		E1857FD71E78DDE80082F385 /* WTURLSessionManager.swift in Sources */ = {isa = PBXBuildFile; fileRef = E1857FD61E78DDE80082F385 /* WTURLSessionManager.swift */; };
		E1857FDA1E78E01A0082F385 /* WTNetWork.swift in Sources */ = {isa = PBXBuildFile; fileRef = E1857FD91E78E01A0082F385 /* WTNetWork.swift */; };
		E1857FDC1E78E3490082F385 /* WTURLSessionTask.swift in Sources */ = {isa = PBXBuildFile; fileRef = E1857FDB1E78E3490082F385 /* WTURLSessionTask.swift */; };
		E18916F71F0F2573007A3916 /* Algorithm.swift in Sources */ = {isa = PBXBuildFile; fileRef = E18916F61F0F2573007A3916 /* Algorithm.swift */; };
		E18916F91F0F6442007A3916 /* WTImagePickerController.swift in Sources */ = {isa = PBXBuildFile; fileRef = E18916F81F0F6442007A3916 /* WTImagePickerController.swift */; };
		E18916FB1F0F6661007A3916 /* WTImagePickerControllerDelegate.swift in Sources */ = {isa = PBXBuildFile; fileRef = E18916FA1F0F6661007A3916 /* WTImagePickerControllerDelegate.swift */; };
		E18B9FAC1E77D6450013EFA8 /* WTWebImage.swift in Sources */ = {isa = PBXBuildFile; fileRef = E18B9FAB1E77D6450013EFA8 /* WTWebImage.swift */; };
		E1C0C9B91E07AC3E000B8F50 /* WTReachability.swift in Sources */ = {isa = PBXBuildFile; fileRef = E1C0C9B81E07AC3E000B8F50 /* WTReachability.swift */; };
		E1D21AFB1DE04D6D0011F302 /* WTKit.framework in Frameworks */ = {isa = PBXBuildFile; fileRef = E17BDA1B1DDDC11A00CF5672 /* WTKit.framework */; };
		E1D21B0E1DE29B870011F302 /* JSONModel.swift in Sources */ = {isa = PBXBuildFile; fileRef = E1D21B0D1DE29B870011F302 /* JSONModel.swift */; };
		E1EDED061E9F4F6100DDC372 /* WTKitWatchOS.h in Headers */ = {isa = PBXBuildFile; fileRef = E1EDED041E9F4F6100DDC372 /* WTKitWatchOS.h */; settings = {ATTRIBUTES = (Public, ); }; };
		E1EDED0B1E9F4F7B00DDC372 /* Hud.swift in Sources */ = {isa = PBXBuildFile; fileRef = 9BF8E75C1E7A8465009F548A /* Hud.swift */; };
		E1EDED0C1E9F4F7B00DDC372 /* WTNetWork.swift in Sources */ = {isa = PBXBuildFile; fileRef = E1857FD91E78E01A0082F385 /* WTNetWork.swift */; };
		E1EDED0D1E9F4F7B00DDC372 /* WTURLSessionManager.swift in Sources */ = {isa = PBXBuildFile; fileRef = E1857FD61E78DDE80082F385 /* WTURLSessionManager.swift */; };
		E1EDED0E1E9F4F7B00DDC372 /* WTURLSessionTask.swift in Sources */ = {isa = PBXBuildFile; fileRef = E1857FDB1E78E3490082F385 /* WTURLSessionTask.swift */; };
		E1EDED0F1E9F4F7B00DDC372 /* WTWebImage.swift in Sources */ = {isa = PBXBuildFile; fileRef = E18B9FAB1E77D6450013EFA8 /* WTWebImage.swift */; };
		E1EDED101E9F4F7B00DDC372 /* AnimationImageVIew.swift in Sources */ = {isa = PBXBuildFile; fileRef = E17BDA261DDDC12500CF5672 /* AnimationImageVIew.swift */; };
		E1EDED111E9F4F7B00DDC372 /* JSONModel.swift in Sources */ = {isa = PBXBuildFile; fileRef = E1D21B0D1DE29B870011F302 /* JSONModel.swift */; };
		E1EDED121E9F4F7B00DDC372 /* FoundationExtension.swift in Sources */ = {isa = PBXBuildFile; fileRef = E17BDA281DDDC12500CF5672 /* FoundationExtension.swift */; };
		E1EDED131E9F4F7B00DDC372 /* WTVersionTracking.swift in Sources */ = {isa = PBXBuildFile; fileRef = E11797601E9B271D001257AB /* WTVersionTracking.swift */; };
		E1EDED171E9F4F7B00DDC372 /* UIKitExtension.swift in Sources */ = {isa = PBXBuildFile; fileRef = E17BDA291DDDC12500CF5672 /* UIKitExtension.swift */; };
		E1EDED181E9F4F7B00DDC372 /* Chart.swift in Sources */ = {isa = PBXBuildFile; fileRef = E15CD2841E95EBD80042CBE1 /* Chart.swift */; };
		E1EDED221E9F4FCA00DDC372 /* WTKitMacOS.h in Headers */ = {isa = PBXBuildFile; fileRef = E1EDED201E9F4FCA00DDC372 /* WTKitMacOS.h */; settings = {ATTRIBUTES = (Public, ); }; };
		E1EDED281E9F4FD600DDC372 /* WTNetWork.swift in Sources */ = {isa = PBXBuildFile; fileRef = E1857FD91E78E01A0082F385 /* WTNetWork.swift */; };
		E1EDED291E9F4FD600DDC372 /* WTURLSessionManager.swift in Sources */ = {isa = PBXBuildFile; fileRef = E1857FD61E78DDE80082F385 /* WTURLSessionManager.swift */; };
		E1EDED2A1E9F4FD600DDC372 /* WTURLSessionTask.swift in Sources */ = {isa = PBXBuildFile; fileRef = E1857FDB1E78E3490082F385 /* WTURLSessionTask.swift */; };
		E1EDED2B1E9F4FD600DDC372 /* WTWebImage.swift in Sources */ = {isa = PBXBuildFile; fileRef = E18B9FAB1E77D6450013EFA8 /* WTWebImage.swift */; };
		E1EDED2C1E9F4FD600DDC372 /* AnimationImageVIew.swift in Sources */ = {isa = PBXBuildFile; fileRef = E17BDA261DDDC12500CF5672 /* AnimationImageVIew.swift */; };
		E1EDED2D1E9F4FD600DDC372 /* JSONModel.swift in Sources */ = {isa = PBXBuildFile; fileRef = E1D21B0D1DE29B870011F302 /* JSONModel.swift */; };
		E1EDED2E1E9F4FD600DDC372 /* FoundationExtension.swift in Sources */ = {isa = PBXBuildFile; fileRef = E17BDA281DDDC12500CF5672 /* FoundationExtension.swift */; };
		E1EDED2F1E9F4FD600DDC372 /* WTVersionTracking.swift in Sources */ = {isa = PBXBuildFile; fileRef = E11797601E9B271D001257AB /* WTVersionTracking.swift */; };
		E1EDED341E9F4FD600DDC372 /* Chart.swift in Sources */ = {isa = PBXBuildFile; fileRef = E15CD2841E95EBD80042CBE1 /* Chart.swift */; };
		E1EDED5A1E9F506F00DDC372 /* WTKitTVOS.h in Headers */ = {isa = PBXBuildFile; fileRef = E1EDED581E9F506F00DDC372 /* WTKitTVOS.h */; settings = {ATTRIBUTES = (Public, ); }; };
		E1EDED5E1E9F507900DDC372 /* Hud.swift in Sources */ = {isa = PBXBuildFile; fileRef = 9BF8E75C1E7A8465009F548A /* Hud.swift */; };
		E1EDED5F1E9F507900DDC372 /* WTNetWork.swift in Sources */ = {isa = PBXBuildFile; fileRef = E1857FD91E78E01A0082F385 /* WTNetWork.swift */; };
		E1EDED601E9F507900DDC372 /* WTURLSessionManager.swift in Sources */ = {isa = PBXBuildFile; fileRef = E1857FD61E78DDE80082F385 /* WTURLSessionManager.swift */; };
		E1EDED611E9F507900DDC372 /* WTURLSessionTask.swift in Sources */ = {isa = PBXBuildFile; fileRef = E1857FDB1E78E3490082F385 /* WTURLSessionTask.swift */; };
		E1EDED621E9F507900DDC372 /* WTWebImage.swift in Sources */ = {isa = PBXBuildFile; fileRef = E18B9FAB1E77D6450013EFA8 /* WTWebImage.swift */; };
		E1EDED631E9F507900DDC372 /* AnimationImageVIew.swift in Sources */ = {isa = PBXBuildFile; fileRef = E17BDA261DDDC12500CF5672 /* AnimationImageVIew.swift */; };
		E1EDED641E9F507900DDC372 /* JSONModel.swift in Sources */ = {isa = PBXBuildFile; fileRef = E1D21B0D1DE29B870011F302 /* JSONModel.swift */; };
		E1EDED651E9F507900DDC372 /* FoundationExtension.swift in Sources */ = {isa = PBXBuildFile; fileRef = E17BDA281DDDC12500CF5672 /* FoundationExtension.swift */; };
		E1EDED661E9F507900DDC372 /* WTVersionTracking.swift in Sources */ = {isa = PBXBuildFile; fileRef = E11797601E9B271D001257AB /* WTVersionTracking.swift */; };
		E1EDED691E9F507900DDC372 /* UIKitExtension.swift in Sources */ = {isa = PBXBuildFile; fileRef = E17BDA291DDDC12500CF5672 /* UIKitExtension.swift */; };
		E1EDED6A1E9F507900DDC372 /* Chart.swift in Sources */ = {isa = PBXBuildFile; fileRef = E15CD2841E95EBD80042CBE1 /* Chart.swift */; };
/* End PBXBuildFile section */

/* Begin PBXContainerItemProxy section */
		E1D21AFC1DE04D6D0011F302 /* PBXContainerItemProxy */ = {
			isa = PBXContainerItemProxy;
			containerPortal = E17BDA121DDDC11A00CF5672 /* Project object */;
			proxyType = 1;
			remoteGlobalIDString = E17BDA1A1DDDC11A00CF5672;
			remoteInfo = WTKit;
		};
/* End PBXContainerItemProxy section */

/* Begin PBXFileReference section */
		9BF8E75C1E7A8465009F548A /* Hud.swift */ = {isa = PBXFileReference; fileEncoding = 4; lastKnownFileType = sourcecode.swift; path = Hud.swift; sourceTree = "<group>"; };
		E11582A51E9C71410018E839 /* arrow.png */ = {isa = PBXFileReference; lastKnownFileType = image.png; path = arrow.png; sourceTree = "<group>"; };
		E11797601E9B271D001257AB /* WTVersionTracking.swift */ = {isa = PBXFileReference; fileEncoding = 4; lastKnownFileType = sourcecode.swift; path = WTVersionTracking.swift; sourceTree = "<group>"; };
		E15CD2841E95EBD80042CBE1 /* Chart.swift */ = {isa = PBXFileReference; fileEncoding = 4; lastKnownFileType = sourcecode.swift; path = Chart.swift; sourceTree = "<group>"; };
		E17BDA1B1DDDC11A00CF5672 /* WTKit.framework */ = {isa = PBXFileReference; explicitFileType = wrapper.framework; includeInIndex = 0; path = WTKit.framework; sourceTree = BUILT_PRODUCTS_DIR; };
		E17BDA1E1DDDC11A00CF5672 /* WTKit.h */ = {isa = PBXFileReference; lastKnownFileType = sourcecode.c.h; path = WTKit.h; sourceTree = "<group>"; };
		E17BDA1F1DDDC11A00CF5672 /* Info.plist */ = {isa = PBXFileReference; lastKnownFileType = text.plist.xml; path = Info.plist; sourceTree = "<group>"; };
		E17BDA261DDDC12500CF5672 /* AnimationImageVIew.swift */ = {isa = PBXFileReference; fileEncoding = 4; lastKnownFileType = sourcecode.swift; path = AnimationImageVIew.swift; sourceTree = "<group>"; };
		E17BDA271DDDC12500CF5672 /* CustomExtension.swift */ = {isa = PBXFileReference; fileEncoding = 4; lastKnownFileType = sourcecode.swift; path = CustomExtension.swift; sourceTree = "<group>"; };
		E17BDA281DDDC12500CF5672 /* FoundationExtension.swift */ = {isa = PBXFileReference; fileEncoding = 4; lastKnownFileType = sourcecode.swift; path = FoundationExtension.swift; sourceTree = "<group>"; };
		E17BDA291DDDC12500CF5672 /* UIKitExtension.swift */ = {isa = PBXFileReference; fileEncoding = 4; lastKnownFileType = sourcecode.swift; path = UIKitExtension.swift; sourceTree = "<group>"; };
		E1857FD61E78DDE80082F385 /* WTURLSessionManager.swift */ = {isa = PBXFileReference; fileEncoding = 4; lastKnownFileType = sourcecode.swift; path = WTURLSessionManager.swift; sourceTree = "<group>"; };
		E1857FD91E78E01A0082F385 /* WTNetWork.swift */ = {isa = PBXFileReference; fileEncoding = 4; lastKnownFileType = sourcecode.swift; path = WTNetWork.swift; sourceTree = "<group>"; };
		E1857FDB1E78E3490082F385 /* WTURLSessionTask.swift */ = {isa = PBXFileReference; fileEncoding = 4; lastKnownFileType = sourcecode.swift; path = WTURLSessionTask.swift; sourceTree = "<group>"; };
		E18916F61F0F2573007A3916 /* Algorithm.swift */ = {isa = PBXFileReference; fileEncoding = 4; lastKnownFileType = sourcecode.swift; path = Algorithm.swift; sourceTree = "<group>"; };
		E18916F81F0F6442007A3916 /* WTImagePickerController.swift */ = {isa = PBXFileReference; fileEncoding = 4; lastKnownFileType = sourcecode.swift; path = WTImagePickerController.swift; sourceTree = "<group>"; };
		E18916FA1F0F6661007A3916 /* WTImagePickerControllerDelegate.swift */ = {isa = PBXFileReference; fileEncoding = 4; lastKnownFileType = sourcecode.swift; path = WTImagePickerControllerDelegate.swift; sourceTree = "<group>"; };
		E18B9FAB1E77D6450013EFA8 /* WTWebImage.swift */ = {isa = PBXFileReference; fileEncoding = 4; lastKnownFileType = sourcecode.swift; path = WTWebImage.swift; sourceTree = "<group>"; };
		E1C0C9B81E07AC3E000B8F50 /* WTReachability.swift */ = {isa = PBXFileReference; fileEncoding = 4; lastKnownFileType = sourcecode.swift; path = WTReachability.swift; sourceTree = "<group>"; };
		E1D21AF61DE04D6D0011F302 /* WTKitTests.xctest */ = {isa = PBXFileReference; explicitFileType = wrapper.cfbundle; includeInIndex = 0; path = WTKitTests.xctest; sourceTree = BUILT_PRODUCTS_DIR; };
		E1D21AF81DE04D6D0011F302 /* WTKitTests.swift */ = {isa = PBXFileReference; lastKnownFileType = sourcecode.swift; path = WTKitTests.swift; sourceTree = "<group>"; };
		E1D21AFA1DE04D6D0011F302 /* Info.plist */ = {isa = PBXFileReference; lastKnownFileType = text.plist.xml; path = Info.plist; sourceTree = "<group>"; };
		E1D21B0D1DE29B870011F302 /* JSONModel.swift */ = {isa = PBXFileReference; fileEncoding = 4; lastKnownFileType = sourcecode.swift; path = JSONModel.swift; sourceTree = "<group>"; };
		E1EDED021E9F4F6100DDC372 /* WTKitWatchOS.framework */ = {isa = PBXFileReference; explicitFileType = wrapper.framework; includeInIndex = 0; path = WTKitWatchOS.framework; sourceTree = BUILT_PRODUCTS_DIR; };
		E1EDED041E9F4F6100DDC372 /* WTKitWatchOS.h */ = {isa = PBXFileReference; lastKnownFileType = sourcecode.c.h; path = WTKitWatchOS.h; sourceTree = "<group>"; };
		E1EDED051E9F4F6100DDC372 /* Info.plist */ = {isa = PBXFileReference; lastKnownFileType = text.plist.xml; path = Info.plist; sourceTree = "<group>"; };
		E1EDED1E1E9F4FCA00DDC372 /* WTKitMacOS.framework */ = {isa = PBXFileReference; explicitFileType = wrapper.framework; includeInIndex = 0; path = WTKitMacOS.framework; sourceTree = BUILT_PRODUCTS_DIR; };
		E1EDED201E9F4FCA00DDC372 /* WTKitMacOS.h */ = {isa = PBXFileReference; lastKnownFileType = sourcecode.c.h; path = WTKitMacOS.h; sourceTree = "<group>"; };
		E1EDED211E9F4FCA00DDC372 /* Info.plist */ = {isa = PBXFileReference; lastKnownFileType = text.plist.xml; path = Info.plist; sourceTree = "<group>"; };
		E1EDED561E9F506F00DDC372 /* WTKitTVOS.framework */ = {isa = PBXFileReference; explicitFileType = wrapper.framework; includeInIndex = 0; path = WTKitTVOS.framework; sourceTree = BUILT_PRODUCTS_DIR; };
		E1EDED581E9F506F00DDC372 /* WTKitTVOS.h */ = {isa = PBXFileReference; lastKnownFileType = sourcecode.c.h; path = WTKitTVOS.h; sourceTree = "<group>"; };
		E1EDED591E9F506F00DDC372 /* Info.plist */ = {isa = PBXFileReference; lastKnownFileType = text.plist.xml; path = Info.plist; sourceTree = "<group>"; };
/* End PBXFileReference section */

/* Begin PBXFrameworksBuildPhase section */
		E17BDA171DDDC11A00CF5672 /* Frameworks */ = {
			isa = PBXFrameworksBuildPhase;
			buildActionMask = 2147483647;
			files = (
			);
			runOnlyForDeploymentPostprocessing = 0;
		};
		E1D21AF31DE04D6D0011F302 /* Frameworks */ = {
			isa = PBXFrameworksBuildPhase;
			buildActionMask = 2147483647;
			files = (
				E1D21AFB1DE04D6D0011F302 /* WTKit.framework in Frameworks */,
			);
			runOnlyForDeploymentPostprocessing = 0;
		};
		E1EDECFE1E9F4F6100DDC372 /* Frameworks */ = {
			isa = PBXFrameworksBuildPhase;
			buildActionMask = 2147483647;
			files = (
			);
			runOnlyForDeploymentPostprocessing = 0;
		};
		E1EDED1A1E9F4FCA00DDC372 /* Frameworks */ = {
			isa = PBXFrameworksBuildPhase;
			buildActionMask = 2147483647;
			files = (
			);
			runOnlyForDeploymentPostprocessing = 0;
		};
		E1EDED521E9F506F00DDC372 /* Frameworks */ = {
			isa = PBXFrameworksBuildPhase;
			buildActionMask = 2147483647;
			files = (
			);
			runOnlyForDeploymentPostprocessing = 0;
		};
/* End PBXFrameworksBuildPhase section */

/* Begin PBXGroup section */
		9BF8E75B1E7A8356009F548A /* Hud */ = {
			isa = PBXGroup;
			children = (
				9BF8E75C1E7A8465009F548A /* Hud.swift */,
			);
			name = Hud;
			sourceTree = "<group>";
		};
		E117975F1E9B26FF001257AB /* VersionTrack */ = {
			isa = PBXGroup;
			children = (
				E11797601E9B271D001257AB /* WTVersionTracking.swift */,
			);
			name = VersionTrack;
			sourceTree = "<group>";
		};
		E17BDA111DDDC11A00CF5672 = {
			isa = PBXGroup;
			children = (
				E17BDA1D1DDDC11A00CF5672 /* WTKit */,
				E1D21AF71DE04D6D0011F302 /* WTKitTests */,
				E1EDED031E9F4F6100DDC372 /* WTKitWatchOS */,
				E1EDED1F1E9F4FCA00DDC372 /* WTKitMacOS */,
				E1EDED571E9F506F00DDC372 /* WTKitTVOS */,
				E17BDA1C1DDDC11A00CF5672 /* Products */,
			);
			sourceTree = "<group>";
		};
		E17BDA1C1DDDC11A00CF5672 /* Products */ = {
			isa = PBXGroup;
			children = (
				E17BDA1B1DDDC11A00CF5672 /* WTKit.framework */,
				E1D21AF61DE04D6D0011F302 /* WTKitTests.xctest */,
				E1EDED021E9F4F6100DDC372 /* WTKitWatchOS.framework */,
				E1EDED1E1E9F4FCA00DDC372 /* WTKitMacOS.framework */,
				E1EDED561E9F506F00DDC372 /* WTKitTVOS.framework */,
			);
			name = Products;
			sourceTree = "<group>";
		};
		E17BDA1D1DDDC11A00CF5672 /* WTKit */ = {
			isa = PBXGroup;
			children = (
				E17BDA1E1DDDC11A00CF5672 /* WTKit.h */,
				9BF8E75B1E7A8356009F548A /* Hud */,
				E1C0C9BC1E07BA4F000B8F50 /* NetWork */,
				E18B9FAA1E77D5DF0013EFA8 /* WebImage */,
				E18B9F9C1E77CCFF0013EFA8 /* JSONModel */,
				E1C0C9BD1E07BA66000B8F50 /* Foundation */,
				E117975F1E9B26FF001257AB /* VersionTrack */,
				E1C0C9BB1E07BA39000B8F50 /* iOS */,
				E17BDA1F1DDDC11A00CF5672 /* Info.plist */,
			);
			path = WTKit;
			sourceTree = "<group>";
		};
		E18B9F9C1E77CCFF0013EFA8 /* JSONModel */ = {
			isa = PBXGroup;
			children = (
				E1D21B0D1DE29B870011F302 /* JSONModel.swift */,
			);
			name = JSONModel;
			sourceTree = "<group>";
		};
		E18B9FAA1E77D5DF0013EFA8 /* WebImage */ = {
			isa = PBXGroup;
			children = (
				E18B9FAB1E77D6450013EFA8 /* WTWebImage.swift */,
				E17BDA261DDDC12500CF5672 /* AnimationImageVIew.swift */,
			);
			name = WebImage;
			sourceTree = "<group>";
		};
		E1C0C9BB1E07BA39000B8F50 /* iOS */ = {
			isa = PBXGroup;
			children = (
				E11582A51E9C71410018E839 /* arrow.png */,
				E1C0C9B81E07AC3E000B8F50 /* WTReachability.swift */,
				E17BDA271DDDC12500CF5672 /* CustomExtension.swift */,
				E17BDA291DDDC12500CF5672 /* UIKitExtension.swift */,
				E15CD2841E95EBD80042CBE1 /* Chart.swift */,
				E18916FA1F0F6661007A3916 /* WTImagePickerControllerDelegate.swift */,
				E18916F81F0F6442007A3916 /* WTImagePickerController.swift */,
			);
			name = iOS;
			sourceTree = "<group>";
		};
		E1C0C9BC1E07BA4F000B8F50 /* NetWork */ = {
			isa = PBXGroup;
			children = (
				E1857FD91E78E01A0082F385 /* WTNetWork.swift */,
				E1857FD61E78DDE80082F385 /* WTURLSessionManager.swift */,
				E1857FDB1E78E3490082F385 /* WTURLSessionTask.swift */,
			);
			name = NetWork;
			sourceTree = "<group>";
		};
		E1C0C9BD1E07BA66000B8F50 /* Foundation */ = {
			isa = PBXGroup;
			children = (
				E17BDA281DDDC12500CF5672 /* FoundationExtension.swift */,
				E18916F61F0F2573007A3916 /* Algorithm.swift */,
			);
			name = Foundation;
			sourceTree = "<group>";
		};
		E1D21AF71DE04D6D0011F302 /* WTKitTests */ = {
			isa = PBXGroup;
			children = (
				E1D21AFA1DE04D6D0011F302 /* Info.plist */,
				E1D21AF81DE04D6D0011F302 /* WTKitTests.swift */,
			);
			path = WTKitTests;
			sourceTree = "<group>";
		};
		E1EDED031E9F4F6100DDC372 /* WTKitWatchOS */ = {
			isa = PBXGroup;
			children = (
				E1EDED041E9F4F6100DDC372 /* WTKitWatchOS.h */,
				E1EDED051E9F4F6100DDC372 /* Info.plist */,
			);
			path = WTKitWatchOS;
			sourceTree = "<group>";
		};
		E1EDED1F1E9F4FCA00DDC372 /* WTKitMacOS */ = {
			isa = PBXGroup;
			children = (
				E1EDED201E9F4FCA00DDC372 /* WTKitMacOS.h */,
				E1EDED211E9F4FCA00DDC372 /* Info.plist */,
			);
			path = WTKitMacOS;
			sourceTree = "<group>";
		};
		E1EDED571E9F506F00DDC372 /* WTKitTVOS */ = {
			isa = PBXGroup;
			children = (
				E1EDED581E9F506F00DDC372 /* WTKitTVOS.h */,
				E1EDED591E9F506F00DDC372 /* Info.plist */,
			);
			path = WTKitTVOS;
			sourceTree = "<group>";
		};
/* End PBXGroup section */

/* Begin PBXHeadersBuildPhase section */
		E17BDA181DDDC11A00CF5672 /* Headers */ = {
			isa = PBXHeadersBuildPhase;
			buildActionMask = 2147483647;
			files = (
				E17BDA201DDDC11A00CF5672 /* WTKit.h in Headers */,
			);
			runOnlyForDeploymentPostprocessing = 0;
		};
		E1EDECFF1E9F4F6100DDC372 /* Headers */ = {
			isa = PBXHeadersBuildPhase;
			buildActionMask = 2147483647;
			files = (
				E1EDED061E9F4F6100DDC372 /* WTKitWatchOS.h in Headers */,
			);
			runOnlyForDeploymentPostprocessing = 0;
		};
		E1EDED1B1E9F4FCA00DDC372 /* Headers */ = {
			isa = PBXHeadersBuildPhase;
			buildActionMask = 2147483647;
			files = (
				E1EDED221E9F4FCA00DDC372 /* WTKitMacOS.h in Headers */,
			);
			runOnlyForDeploymentPostprocessing = 0;
		};
		E1EDED531E9F506F00DDC372 /* Headers */ = {
			isa = PBXHeadersBuildPhase;
			buildActionMask = 2147483647;
			files = (
				E1EDED5A1E9F506F00DDC372 /* WTKitTVOS.h in Headers */,
			);
			runOnlyForDeploymentPostprocessing = 0;
		};
/* End PBXHeadersBuildPhase section */

/* Begin PBXNativeTarget section */
		E17BDA1A1DDDC11A00CF5672 /* WTKit */ = {
			isa = PBXNativeTarget;
			buildConfigurationList = E17BDA231DDDC11A00CF5672 /* Build configuration list for PBXNativeTarget "WTKit" */;
			buildPhases = (
				E17BDA161DDDC11A00CF5672 /* Sources */,
				E17BDA171DDDC11A00CF5672 /* Frameworks */,
				E17BDA181DDDC11A00CF5672 /* Headers */,
				E17BDA191DDDC11A00CF5672 /* Resources */,
			);
			buildRules = (
			);
			dependencies = (
			);
			name = WTKit;
			productName = WTKit;
			productReference = E17BDA1B1DDDC11A00CF5672 /* WTKit.framework */;
			productType = "com.apple.product-type.framework";
		};
		E1D21AF51DE04D6D0011F302 /* WTKitTests */ = {
			isa = PBXNativeTarget;
			buildConfigurationList = E1D21B001DE04D6D0011F302 /* Build configuration list for PBXNativeTarget "WTKitTests" */;
			buildPhases = (
				E1D21AF21DE04D6D0011F302 /* Sources */,
				E1D21AF31DE04D6D0011F302 /* Frameworks */,
				E1D21AF41DE04D6D0011F302 /* Resources */,
			);
			buildRules = (
			);
			dependencies = (
				E1D21AFD1DE04D6D0011F302 /* PBXTargetDependency */,
			);
			name = WTKitTests;
			productName = WTKitTests;
			productReference = E1D21AF61DE04D6D0011F302 /* WTKitTests.xctest */;
			productType = "com.apple.product-type.bundle.unit-test";
		};
		E1EDED011E9F4F6100DDC372 /* WTKitWatchOS */ = {
			isa = PBXNativeTarget;
			buildConfigurationList = E1EDED071E9F4F6100DDC372 /* Build configuration list for PBXNativeTarget "WTKitWatchOS" */;
			buildPhases = (
				E1EDECFD1E9F4F6100DDC372 /* Sources */,
				E1EDECFE1E9F4F6100DDC372 /* Frameworks */,
				E1EDECFF1E9F4F6100DDC372 /* Headers */,
				E1EDED001E9F4F6100DDC372 /* Resources */,
			);
			buildRules = (
			);
			dependencies = (
			);
			name = WTKitWatchOS;
			productName = WTKitWatchOS;
			productReference = E1EDED021E9F4F6100DDC372 /* WTKitWatchOS.framework */;
			productType = "com.apple.product-type.framework";
		};
		E1EDED1D1E9F4FCA00DDC372 /* WTKitMacOS */ = {
			isa = PBXNativeTarget;
			buildConfigurationList = E1EDED231E9F4FCA00DDC372 /* Build configuration list for PBXNativeTarget "WTKitMacOS" */;
			buildPhases = (
				E1EDED191E9F4FCA00DDC372 /* Sources */,
				E1EDED1A1E9F4FCA00DDC372 /* Frameworks */,
				E1EDED1B1E9F4FCA00DDC372 /* Headers */,
				E1EDED1C1E9F4FCA00DDC372 /* Resources */,
			);
			buildRules = (
			);
			dependencies = (
			);
			name = WTKitMacOS;
			productName = WTKitMacOS;
			productReference = E1EDED1E1E9F4FCA00DDC372 /* WTKitMacOS.framework */;
			productType = "com.apple.product-type.framework";
		};
		E1EDED551E9F506F00DDC372 /* WTKitTVOS */ = {
			isa = PBXNativeTarget;
			buildConfigurationList = E1EDED5B1E9F506F00DDC372 /* Build configuration list for PBXNativeTarget "WTKitTVOS" */;
			buildPhases = (
				E1EDED511E9F506F00DDC372 /* Sources */,
				E1EDED521E9F506F00DDC372 /* Frameworks */,
				E1EDED531E9F506F00DDC372 /* Headers */,
				E1EDED541E9F506F00DDC372 /* Resources */,
			);
			buildRules = (
			);
			dependencies = (
			);
			name = WTKitTVOS;
			productName = WTKitTVOS;
			productReference = E1EDED561E9F506F00DDC372 /* WTKitTVOS.framework */;
			productType = "com.apple.product-type.framework";
		};
/* End PBXNativeTarget section */

/* Begin PBXProject section */
		E17BDA121DDDC11A00CF5672 /* Project object */ = {
			isa = PBXProject;
			attributes = {
				LastSwiftUpdateCheck = 0810;
				LastUpgradeCheck = 0820;
				ORGANIZATIONNAME = songwentong;
				TargetAttributes = {
					E17BDA1A1DDDC11A00CF5672 = {
						CreatedOnToolsVersion = 8.1;
						DevelopmentTeam = QZFW9RQ778;
						LastSwiftMigration = 0820;
						ProvisioningStyle = Automatic;
					};
					E1D21AF51DE04D6D0011F302 = {
						CreatedOnToolsVersion = 8.1;
						DevelopmentTeam = QZFW9RQ778;
						ProvisioningStyle = Automatic;
					};
					E1EDED011E9F4F6100DDC372 = {
						CreatedOnToolsVersion = 8.3.1;
						DevelopmentTeam = QZFW9RQ778;
						ProvisioningStyle = Automatic;
					};
					E1EDED1D1E9F4FCA00DDC372 = {
						CreatedOnToolsVersion = 8.3.1;
						DevelopmentTeam = QZFW9RQ778;
						ProvisioningStyle = Automatic;
					};
					E1EDED551E9F506F00DDC372 = {
						CreatedOnToolsVersion = 8.3.1;
						DevelopmentTeam = QZFW9RQ778;
						ProvisioningStyle = Automatic;
					};
				};
			};
			buildConfigurationList = E17BDA151DDDC11A00CF5672 /* Build configuration list for PBXProject "WTKit" */;
			compatibilityVersion = "Xcode 3.2";
			developmentRegion = English;
			hasScannedForEncodings = 0;
			knownRegions = (
				en,
				Base,
			);
			mainGroup = E17BDA111DDDC11A00CF5672;
			productRefGroup = E17BDA1C1DDDC11A00CF5672 /* Products */;
			projectDirPath = "";
			projectRoot = "";
			targets = (
				E17BDA1A1DDDC11A00CF5672 /* WTKit */,
				E1D21AF51DE04D6D0011F302 /* WTKitTests */,
				E1EDED011E9F4F6100DDC372 /* WTKitWatchOS */,
				E1EDED1D1E9F4FCA00DDC372 /* WTKitMacOS */,
				E1EDED551E9F506F00DDC372 /* WTKitTVOS */,
			);
		};
/* End PBXProject section */

/* Begin PBXResourcesBuildPhase section */
		E17BDA191DDDC11A00CF5672 /* Resources */ = {
			isa = PBXResourcesBuildPhase;
			buildActionMask = 2147483647;
			files = (
				E11582A61E9C71410018E839 /* arrow.png in Resources */,
			);
			runOnlyForDeploymentPostprocessing = 0;
		};
		E1D21AF41DE04D6D0011F302 /* Resources */ = {
			isa = PBXResourcesBuildPhase;
			buildActionMask = 2147483647;
			files = (
			);
			runOnlyForDeploymentPostprocessing = 0;
		};
		E1EDED001E9F4F6100DDC372 /* Resources */ = {
			isa = PBXResourcesBuildPhase;
			buildActionMask = 2147483647;
			files = (
			);
			runOnlyForDeploymentPostprocessing = 0;
		};
		E1EDED1C1E9F4FCA00DDC372 /* Resources */ = {
			isa = PBXResourcesBuildPhase;
			buildActionMask = 2147483647;
			files = (
			);
			runOnlyForDeploymentPostprocessing = 0;
		};
		E1EDED541E9F506F00DDC372 /* Resources */ = {
			isa = PBXResourcesBuildPhase;
			buildActionMask = 2147483647;
			files = (
			);
			runOnlyForDeploymentPostprocessing = 0;
		};
/* End PBXResourcesBuildPhase section */

/* Begin PBXSourcesBuildPhase section */
		E17BDA161DDDC11A00CF5672 /* Sources */ = {
			isa = PBXSourcesBuildPhase;
			buildActionMask = 2147483647;
			files = (
				9BF8E75D1E7A8465009F548A /* Hud.swift in Sources */,
				E1857FDC1E78E3490082F385 /* WTURLSessionTask.swift in Sources */,
				E1D21B0E1DE29B870011F302 /* JSONModel.swift in Sources */,
				E1857FD71E78DDE80082F385 /* WTURLSessionManager.swift in Sources */,
				E17BDA2B1DDDC12500CF5672 /* CustomExtension.swift in Sources */,
				E1C0C9B91E07AC3E000B8F50 /* WTReachability.swift in Sources */,
				E18916F91F0F6442007A3916 /* WTImagePickerController.swift in Sources */,
				E17BDA2C1DDDC12500CF5672 /* FoundationExtension.swift in Sources */,
				E18916F71F0F2573007A3916 /* Algorithm.swift in Sources */,
				E11797611E9B271D001257AB /* WTVersionTracking.swift in Sources */,
				E17BDA2D1DDDC12500CF5672 /* UIKitExtension.swift in Sources */,
				E18916FB1F0F6661007A3916 /* WTImagePickerControllerDelegate.swift in Sources */,
				E15CD2851E95EBD80042CBE1 /* Chart.swift in Sources */,
				E17BDA2A1DDDC12500CF5672 /* AnimationImageVIew.swift in Sources */,
				E18B9FAC1E77D6450013EFA8 /* WTWebImage.swift in Sources */,
				E1857FDA1E78E01A0082F385 /* WTNetWork.swift in Sources */,
			);
			runOnlyForDeploymentPostprocessing = 0;
		};
		E1D21AF21DE04D6D0011F302 /* Sources */ = {
			isa = PBXSourcesBuildPhase;
			buildActionMask = 2147483647;
			files = (
				E16AE9CC1EA5C2A8009080DE /* WTKitTests.swift in Sources */,
			);
			runOnlyForDeploymentPostprocessing = 0;
		};
		E1EDECFD1E9F4F6100DDC372 /* Sources */ = {
			isa = PBXSourcesBuildPhase;
			buildActionMask = 2147483647;
			files = (
				E1EDED0B1E9F4F7B00DDC372 /* Hud.swift in Sources */,
				E1EDED0C1E9F4F7B00DDC372 /* WTNetWork.swift in Sources */,
				E1EDED0D1E9F4F7B00DDC372 /* WTURLSessionManager.swift in Sources */,
				E1EDED0E1E9F4F7B00DDC372 /* WTURLSessionTask.swift in Sources */,
				E1EDED0F1E9F4F7B00DDC372 /* WTWebImage.swift in Sources */,
				E1EDED101E9F4F7B00DDC372 /* AnimationImageVIew.swift in Sources */,
				E1EDED111E9F4F7B00DDC372 /* JSONModel.swift in Sources */,
				E1EDED121E9F4F7B00DDC372 /* FoundationExtension.swift in Sources */,
				E1EDED131E9F4F7B00DDC372 /* WTVersionTracking.swift in Sources */,
				E1EDED171E9F4F7B00DDC372 /* UIKitExtension.swift in Sources */,
				E1EDED181E9F4F7B00DDC372 /* Chart.swift in Sources */,
			);
			runOnlyForDeploymentPostprocessing = 0;
		};
		E1EDED191E9F4FCA00DDC372 /* Sources */ = {
			isa = PBXSourcesBuildPhase;
			buildActionMask = 2147483647;
			files = (
				E1EDED281E9F4FD600DDC372 /* WTNetWork.swift in Sources */,
				E1EDED291E9F4FD600DDC372 /* WTURLSessionManager.swift in Sources */,
				E1EDED2A1E9F4FD600DDC372 /* WTURLSessionTask.swift in Sources */,
				E1EDED2B1E9F4FD600DDC372 /* WTWebImage.swift in Sources */,
				E1EDED2C1E9F4FD600DDC372 /* AnimationImageVIew.swift in Sources */,
				E1EDED2D1E9F4FD600DDC372 /* JSONModel.swift in Sources */,
				E1EDED2E1E9F4FD600DDC372 /* FoundationExtension.swift in Sources */,
				E1EDED2F1E9F4FD600DDC372 /* WTVersionTracking.swift in Sources */,
				E1EDED341E9F4FD600DDC372 /* Chart.swift in Sources */,
			);
			runOnlyForDeploymentPostprocessing = 0;
		};
		E1EDED511E9F506F00DDC372 /* Sources */ = {
			isa = PBXSourcesBuildPhase;
			buildActionMask = 2147483647;
			files = (
				E1EDED5E1E9F507900DDC372 /* Hud.swift in Sources */,
				E1EDED5F1E9F507900DDC372 /* WTNetWork.swift in Sources */,
				E1EDED601E9F507900DDC372 /* WTURLSessionManager.swift in Sources */,
				E1EDED611E9F507900DDC372 /* WTURLSessionTask.swift in Sources */,
				E1EDED621E9F507900DDC372 /* WTWebImage.swift in Sources */,
				E1EDED631E9F507900DDC372 /* AnimationImageVIew.swift in Sources */,
				E1EDED641E9F507900DDC372 /* JSONModel.swift in Sources */,
				E1EDED651E9F507900DDC372 /* FoundationExtension.swift in Sources */,
				E1EDED661E9F507900DDC372 /* WTVersionTracking.swift in Sources */,
				E1EDED691E9F507900DDC372 /* UIKitExtension.swift in Sources */,
				E1EDED6A1E9F507900DDC372 /* Chart.swift in Sources */,
			);
			runOnlyForDeploymentPostprocessing = 0;
		};
/* End PBXSourcesBuildPhase section */

/* Begin PBXTargetDependency section */
		E1D21AFD1DE04D6D0011F302 /* PBXTargetDependency */ = {
			isa = PBXTargetDependency;
			target = E17BDA1A1DDDC11A00CF5672 /* WTKit */;
			targetProxy = E1D21AFC1DE04D6D0011F302 /* PBXContainerItemProxy */;
		};
/* End PBXTargetDependency section */

/* Begin XCBuildConfiguration section */
		E17BDA211DDDC11A00CF5672 /* Debug */ = {
			isa = XCBuildConfiguration;
			buildSettings = {
				ALWAYS_SEARCH_USER_PATHS = NO;
				CLANG_ANALYZER_NONNULL = YES;
				CLANG_CXX_LANGUAGE_STANDARD = "gnu++0x";
				CLANG_CXX_LIBRARY = "libc++";
				CLANG_ENABLE_MODULES = YES;
				CLANG_ENABLE_OBJC_ARC = YES;
				CLANG_WARN_BOOL_CONVERSION = YES;
				CLANG_WARN_CONSTANT_CONVERSION = YES;
				CLANG_WARN_DIRECT_OBJC_ISA_USAGE = YES_ERROR;
				CLANG_WARN_DOCUMENTATION_COMMENTS = YES;
				CLANG_WARN_EMPTY_BODY = YES;
				CLANG_WARN_ENUM_CONVERSION = YES;
				CLANG_WARN_INFINITE_RECURSION = YES;
				CLANG_WARN_INT_CONVERSION = YES;
				CLANG_WARN_OBJC_ROOT_CLASS = YES_ERROR;
				CLANG_WARN_SUSPICIOUS_MOVE = YES;
				CLANG_WARN_SUSPICIOUS_MOVES = YES;
				CLANG_WARN_UNREACHABLE_CODE = YES;
				CLANG_WARN__DUPLICATE_METHOD_MATCH = YES;
				"CODE_SIGN_IDENTITY[sdk=iphoneos*]" = "iPhone Developer";
				COPY_PHASE_STRIP = NO;
				CURRENT_PROJECT_VERSION = 1;
				DEBUG_INFORMATION_FORMAT = dwarf;
				ENABLE_STRICT_OBJC_MSGSEND = YES;
				ENABLE_TESTABILITY = YES;
				GCC_C_LANGUAGE_STANDARD = gnu99;
				GCC_DYNAMIC_NO_PIC = NO;
				GCC_NO_COMMON_BLOCKS = YES;
				GCC_OPTIMIZATION_LEVEL = 0;
				GCC_PREPROCESSOR_DEFINITIONS = (
					"DEBUG=1",
					"$(inherited)",
				);
				GCC_WARN_64_TO_32_BIT_CONVERSION = YES;
				GCC_WARN_ABOUT_RETURN_TYPE = YES_ERROR;
				GCC_WARN_UNDECLARED_SELECTOR = YES;
				GCC_WARN_UNINITIALIZED_AUTOS = YES_AGGRESSIVE;
				GCC_WARN_UNUSED_FUNCTION = YES;
				GCC_WARN_UNUSED_VARIABLE = YES;
				IPHONEOS_DEPLOYMENT_TARGET = 8.0;
				MTL_ENABLE_DEBUG_INFO = YES;
				ONLY_ACTIVE_ARCH = YES;
				SDKROOT = iphoneos;
				SWIFT_ACTIVE_COMPILATION_CONDITIONS = DEBUG;
				SWIFT_OPTIMIZATION_LEVEL = "-Onone";
				TARGETED_DEVICE_FAMILY = "1,2";
				VERSIONING_SYSTEM = "apple-generic";
				VERSION_INFO_PREFIX = "";
			};
			name = Debug;
		};
		E17BDA221DDDC11A00CF5672 /* Release */ = {
			isa = XCBuildConfiguration;
			buildSettings = {
				ALWAYS_SEARCH_USER_PATHS = NO;
				CLANG_ANALYZER_NONNULL = YES;
				CLANG_CXX_LANGUAGE_STANDARD = "gnu++0x";
				CLANG_CXX_LIBRARY = "libc++";
				CLANG_ENABLE_MODULES = YES;
				CLANG_ENABLE_OBJC_ARC = YES;
				CLANG_WARN_BOOL_CONVERSION = YES;
				CLANG_WARN_CONSTANT_CONVERSION = YES;
				CLANG_WARN_DIRECT_OBJC_ISA_USAGE = YES_ERROR;
				CLANG_WARN_DOCUMENTATION_COMMENTS = YES;
				CLANG_WARN_EMPTY_BODY = YES;
				CLANG_WARN_ENUM_CONVERSION = YES;
				CLANG_WARN_INFINITE_RECURSION = YES;
				CLANG_WARN_INT_CONVERSION = YES;
				CLANG_WARN_OBJC_ROOT_CLASS = YES_ERROR;
				CLANG_WARN_SUSPICIOUS_MOVE = YES;
				CLANG_WARN_SUSPICIOUS_MOVES = YES;
				CLANG_WARN_UNREACHABLE_CODE = YES;
				CLANG_WARN__DUPLICATE_METHOD_MATCH = YES;
				"CODE_SIGN_IDENTITY[sdk=iphoneos*]" = "iPhone Developer";
				COPY_PHASE_STRIP = NO;
				CURRENT_PROJECT_VERSION = 1;
				DEBUG_INFORMATION_FORMAT = "dwarf-with-dsym";
				ENABLE_NS_ASSERTIONS = NO;
				ENABLE_STRICT_OBJC_MSGSEND = YES;
				GCC_C_LANGUAGE_STANDARD = gnu99;
				GCC_NO_COMMON_BLOCKS = YES;
				GCC_WARN_64_TO_32_BIT_CONVERSION = YES;
				GCC_WARN_ABOUT_RETURN_TYPE = YES_ERROR;
				GCC_WARN_UNDECLARED_SELECTOR = YES;
				GCC_WARN_UNINITIALIZED_AUTOS = YES_AGGRESSIVE;
				GCC_WARN_UNUSED_FUNCTION = YES;
				GCC_WARN_UNUSED_VARIABLE = YES;
				IPHONEOS_DEPLOYMENT_TARGET = 8.0;
				MTL_ENABLE_DEBUG_INFO = NO;
				SDKROOT = iphoneos;
				SWIFT_OPTIMIZATION_LEVEL = "-Owholemodule";
				TARGETED_DEVICE_FAMILY = "1,2";
				VALIDATE_PRODUCT = YES;
				VERSIONING_SYSTEM = "apple-generic";
				VERSION_INFO_PREFIX = "";
			};
			name = Release;
		};
		E17BDA241DDDC11A00CF5672 /* Debug */ = {
			isa = XCBuildConfiguration;
			buildSettings = {
				ALWAYS_EMBED_SWIFT_STANDARD_LIBRARIES = NO;
				CLANG_ENABLE_MODULES = YES;
				CODE_SIGN_IDENTITY = "";
				DEFINES_MODULE = YES;
				DEVELOPMENT_TEAM = QZFW9RQ778;
				DYLIB_COMPATIBILITY_VERSION = 1;
				DYLIB_CURRENT_VERSION = 1;
				DYLIB_INSTALL_NAME_BASE = "@rpath";
				INFOPLIST_FILE = WTKit/Info.plist;
				INSTALL_PATH = "$(LOCAL_LIBRARY_DIR)/Frameworks";
				LD_RUNPATH_SEARCH_PATHS = "$(inherited) @executable_path/Frameworks @loader_path/Frameworks";
				PRODUCT_BUNDLE_IDENTIFIER = com.songwentong.WTKit;
				PRODUCT_NAME = "$(TARGET_NAME)";
				SKIP_INSTALL = YES;
				SWIFT_OPTIMIZATION_LEVEL = "-Onone";
				SWIFT_VERSION = 3.0;
			};
			name = Debug;
		};
		E17BDA251DDDC11A00CF5672 /* Release */ = {
			isa = XCBuildConfiguration;
			buildSettings = {
				ALWAYS_EMBED_SWIFT_STANDARD_LIBRARIES = NO;
				CLANG_ENABLE_MODULES = YES;
				CODE_SIGN_IDENTITY = "";
				DEFINES_MODULE = YES;
				DEVELOPMENT_TEAM = QZFW9RQ778;
				DYLIB_COMPATIBILITY_VERSION = 1;
				DYLIB_CURRENT_VERSION = 1;
				DYLIB_INSTALL_NAME_BASE = "@rpath";
				INFOPLIST_FILE = WTKit/Info.plist;
				INSTALL_PATH = "$(LOCAL_LIBRARY_DIR)/Frameworks";
				LD_RUNPATH_SEARCH_PATHS = "$(inherited) @executable_path/Frameworks @loader_path/Frameworks";
				PRODUCT_BUNDLE_IDENTIFIER = com.songwentong.WTKit;
				PRODUCT_NAME = "$(TARGET_NAME)";
				SKIP_INSTALL = YES;
				SWIFT_VERSION = 3.0;
			};
			name = Release;
		};
		E1D21AFE1DE04D6D0011F302 /* Debug */ = {
			isa = XCBuildConfiguration;
			buildSettings = {
				DEVELOPMENT_TEAM = QZFW9RQ778;
				INFOPLIST_FILE = WTKitTests/Info.plist;
				IPHONEOS_DEPLOYMENT_TARGET = 10.1;
				LD_RUNPATH_SEARCH_PATHS = "$(inherited) @executable_path/Frameworks @loader_path/Frameworks";
				PRODUCT_BUNDLE_IDENTIFIER = com.songwentong.WTKitTests;
				PRODUCT_NAME = "$(TARGET_NAME)";
				SWIFT_VERSION = 3.0;
			};
			name = Debug;
		};
		E1D21AFF1DE04D6D0011F302 /* Release */ = {
			isa = XCBuildConfiguration;
			buildSettings = {
				DEVELOPMENT_TEAM = QZFW9RQ778;
				INFOPLIST_FILE = WTKitTests/Info.plist;
				IPHONEOS_DEPLOYMENT_TARGET = 10.1;
				LD_RUNPATH_SEARCH_PATHS = "$(inherited) @executable_path/Frameworks @loader_path/Frameworks";
				PRODUCT_BUNDLE_IDENTIFIER = com.songwentong.WTKitTests;
				PRODUCT_NAME = "$(TARGET_NAME)";
				SWIFT_VERSION = 3.0;
			};
			name = Release;
		};
		E1EDED081E9F4F6100DDC372 /* Debug */ = {
			isa = XCBuildConfiguration;
			buildSettings = {
				APPLICATION_EXTENSION_API_ONLY = YES;
				CLANG_ANALYZER_NUMBER_OBJECT_CONVERSION = YES_AGGRESSIVE;
				CODE_SIGN_IDENTITY = "";
				DEFINES_MODULE = YES;
				DEVELOPMENT_TEAM = QZFW9RQ778;
				DYLIB_COMPATIBILITY_VERSION = 1;
				DYLIB_CURRENT_VERSION = 1;
				DYLIB_INSTALL_NAME_BASE = "@rpath";
				INFOPLIST_FILE = WTKitWatchOS/Info.plist;
				INSTALL_PATH = "$(LOCAL_LIBRARY_DIR)/Frameworks";
				LD_RUNPATH_SEARCH_PATHS = "$(inherited) @executable_path/Frameworks @loader_path/Frameworks";
				PRODUCT_BUNDLE_IDENTIFIER = com.songwentong.WTKitWatchOS;
				PRODUCT_NAME = "$(TARGET_NAME)";
				SDKROOT = watchos;
				SKIP_INSTALL = YES;
				SWIFT_VERSION = 3.0;
				TARGETED_DEVICE_FAMILY = 4;
				WATCHOS_DEPLOYMENT_TARGET = 3.2;
			};
			name = Debug;
		};
		E1EDED091E9F4F6100DDC372 /* Release */ = {
			isa = XCBuildConfiguration;
			buildSettings = {
				APPLICATION_EXTENSION_API_ONLY = YES;
				CLANG_ANALYZER_NUMBER_OBJECT_CONVERSION = YES_AGGRESSIVE;
				CODE_SIGN_IDENTITY = "";
				DEFINES_MODULE = YES;
				DEVELOPMENT_TEAM = QZFW9RQ778;
				DYLIB_COMPATIBILITY_VERSION = 1;
				DYLIB_CURRENT_VERSION = 1;
				DYLIB_INSTALL_NAME_BASE = "@rpath";
				INFOPLIST_FILE = WTKitWatchOS/Info.plist;
				INSTALL_PATH = "$(LOCAL_LIBRARY_DIR)/Frameworks";
				LD_RUNPATH_SEARCH_PATHS = "$(inherited) @executable_path/Frameworks @loader_path/Frameworks";
				PRODUCT_BUNDLE_IDENTIFIER = com.songwentong.WTKitWatchOS;
				PRODUCT_NAME = "$(TARGET_NAME)";
				SDKROOT = watchos;
				SKIP_INSTALL = YES;
				SWIFT_VERSION = 3.0;
				TARGETED_DEVICE_FAMILY = 4;
				WATCHOS_DEPLOYMENT_TARGET = 3.2;
			};
			name = Release;
		};
		E1EDED241E9F4FCA00DDC372 /* Debug */ = {
			isa = XCBuildConfiguration;
			buildSettings = {
				CLANG_ANALYZER_NUMBER_OBJECT_CONVERSION = YES_AGGRESSIVE;
				CODE_SIGN_IDENTITY = "-";
				COMBINE_HIDPI_IMAGES = YES;
				DEFINES_MODULE = YES;
				DEVELOPMENT_TEAM = QZFW9RQ778;
				DYLIB_COMPATIBILITY_VERSION = 1;
				DYLIB_CURRENT_VERSION = 1;
				DYLIB_INSTALL_NAME_BASE = "@rpath";
				FRAMEWORK_VERSION = A;
				INFOPLIST_FILE = WTKitMacOS/Info.plist;
				INSTALL_PATH = "$(LOCAL_LIBRARY_DIR)/Frameworks";
				LD_RUNPATH_SEARCH_PATHS = "$(inherited) @executable_path/../Frameworks @loader_path/Frameworks";
				MACOSX_DEPLOYMENT_TARGET = 10.10;
				PRODUCT_BUNDLE_IDENTIFIER = com.songwentong.WTKitMacOS;
				PRODUCT_NAME = "$(TARGET_NAME)";
				SDKROOT = macosx;
				SKIP_INSTALL = YES;
				SWIFT_VERSION = 3.0;
			};
			name = Debug;
		};
		E1EDED251E9F4FCA00DDC372 /* Release */ = {
			isa = XCBuildConfiguration;
			buildSettings = {
				CLANG_ANALYZER_NUMBER_OBJECT_CONVERSION = YES_AGGRESSIVE;
				CODE_SIGN_IDENTITY = "-";
				COMBINE_HIDPI_IMAGES = YES;
				DEFINES_MODULE = YES;
				DEVELOPMENT_TEAM = QZFW9RQ778;
				DYLIB_COMPATIBILITY_VERSION = 1;
				DYLIB_CURRENT_VERSION = 1;
				DYLIB_INSTALL_NAME_BASE = "@rpath";
				FRAMEWORK_VERSION = A;
				INFOPLIST_FILE = WTKitMacOS/Info.plist;
				INSTALL_PATH = "$(LOCAL_LIBRARY_DIR)/Frameworks";
				LD_RUNPATH_SEARCH_PATHS = "$(inherited) @executable_path/../Frameworks @loader_path/Frameworks";
				MACOSX_DEPLOYMENT_TARGET = 10.10;
				PRODUCT_BUNDLE_IDENTIFIER = com.songwentong.WTKitMacOS;
				PRODUCT_NAME = "$(TARGET_NAME)";
				SDKROOT = macosx;
				SKIP_INSTALL = YES;
				SWIFT_VERSION = 3.0;
			};
			name = Release;
		};
		E1EDED5C1E9F506F00DDC372 /* Debug */ = {
			isa = XCBuildConfiguration;
			buildSettings = {
				CLANG_ANALYZER_NUMBER_OBJECT_CONVERSION = YES_AGGRESSIVE;
				CODE_SIGN_IDENTITY = "";
				DEFINES_MODULE = YES;
				DEVELOPMENT_TEAM = QZFW9RQ778;
				DYLIB_COMPATIBILITY_VERSION = 1;
				DYLIB_CURRENT_VERSION = 1;
				DYLIB_INSTALL_NAME_BASE = "@rpath";
				INFOPLIST_FILE = WTKitTVOS/Info.plist;
				INSTALL_PATH = "$(LOCAL_LIBRARY_DIR)/Frameworks";
				LD_RUNPATH_SEARCH_PATHS = "$(inherited) @executable_path/Frameworks @loader_path/Frameworks";
				PRODUCT_BUNDLE_IDENTIFIER = com.songwentong.WTKitTVOS;
				PRODUCT_NAME = "$(TARGET_NAME)";
				SDKROOT = appletvos;
				SKIP_INSTALL = YES;
				SWIFT_VERSION = 3.0;
				TARGETED_DEVICE_FAMILY = 3;
				TVOS_DEPLOYMENT_TARGET = 10.2;
			};
			name = Debug;
		};
		E1EDED5D1E9F506F00DDC372 /* Release */ = {
			isa = XCBuildConfiguration;
			buildSettings = {
				CLANG_ANALYZER_NUMBER_OBJECT_CONVERSION = YES_AGGRESSIVE;
				CODE_SIGN_IDENTITY = "";
				DEFINES_MODULE = YES;
				DEVELOPMENT_TEAM = QZFW9RQ778;
				DYLIB_COMPATIBILITY_VERSION = 1;
				DYLIB_CURRENT_VERSION = 1;
				DYLIB_INSTALL_NAME_BASE = "@rpath";
				INFOPLIST_FILE = WTKitTVOS/Info.plist;
				INSTALL_PATH = "$(LOCAL_LIBRARY_DIR)/Frameworks";
				LD_RUNPATH_SEARCH_PATHS = "$(inherited) @executable_path/Frameworks @loader_path/Frameworks";
				PRODUCT_BUNDLE_IDENTIFIER = com.songwentong.WTKitTVOS;
				PRODUCT_NAME = "$(TARGET_NAME)";
				SDKROOT = appletvos;
				SKIP_INSTALL = YES;
				SWIFT_VERSION = 3.0;
				TARGETED_DEVICE_FAMILY = 3;
				TVOS_DEPLOYMENT_TARGET = 10.2;
			};
			name = Release;
		};
/* End XCBuildConfiguration section */

/* Begin XCConfigurationList section */
		E17BDA151DDDC11A00CF5672 /* Build configuration list for PBXProject "WTKit" */ = {
			isa = XCConfigurationList;
			buildConfigurations = (
				E17BDA211DDDC11A00CF5672 /* Debug */,
				E17BDA221DDDC11A00CF5672 /* Release */,
			);
			defaultConfigurationIsVisible = 0;
			defaultConfigurationName = Release;
		};
		E17BDA231DDDC11A00CF5672 /* Build configuration list for PBXNativeTarget "WTKit" */ = {
			isa = XCConfigurationList;
			buildConfigurations = (
				E17BDA241DDDC11A00CF5672 /* Debug */,
				E17BDA251DDDC11A00CF5672 /* Release */,
			);
			defaultConfigurationIsVisible = 0;
			defaultConfigurationName = Release;
		};
		E1D21B001DE04D6D0011F302 /* Build configuration list for PBXNativeTarget "WTKitTests" */ = {
			isa = XCConfigurationList;
			buildConfigurations = (
				E1D21AFE1DE04D6D0011F302 /* Debug */,
				E1D21AFF1DE04D6D0011F302 /* Release */,
			);
			defaultConfigurationIsVisible = 0;
			defaultConfigurationName = Release;
		};
		E1EDED071E9F4F6100DDC372 /* Build configuration list for PBXNativeTarget "WTKitWatchOS" */ = {
			isa = XCConfigurationList;
			buildConfigurations = (
				E1EDED081E9F4F6100DDC372 /* Debug */,
				E1EDED091E9F4F6100DDC372 /* Release */,
			);
			defaultConfigurationIsVisible = 0;
			defaultConfigurationName = Release;
		};
		E1EDED231E9F4FCA00DDC372 /* Build configuration list for PBXNativeTarget "WTKitMacOS" */ = {
			isa = XCConfigurationList;
			buildConfigurations = (
				E1EDED241E9F4FCA00DDC372 /* Debug */,
				E1EDED251E9F4FCA00DDC372 /* Release */,
			);
			defaultConfigurationIsVisible = 0;
			defaultConfigurationName = Release;
		};
		E1EDED5B1E9F506F00DDC372 /* Build configuration list for PBXNativeTarget "WTKitTVOS" */ = {
			isa = XCConfigurationList;
			buildConfigurations = (
				E1EDED5C1E9F506F00DDC372 /* Debug */,
				E1EDED5D1E9F506F00DDC372 /* Release */,
			);
			defaultConfigurationIsVisible = 0;
			defaultConfigurationName = Release;
		};
/* End XCConfigurationList section */
	};
	rootObject = E17BDA121DDDC11A00CF5672 /* Project object */;
}
